// !$*UTF8*$!
{
	archiveVersion = 1;
	classes = {
	};
	objectVersion = 46;
	objects = {

/* Begin PBXBuildFile section */
		240A9F281B4817A400B6B537 /* simple.lsp in CopyFiles */ = {isa = PBXBuildFile; fileRef = 3652D2B7CC85B0B61178206C /* simple.lsp */; };
		24A612961B36C90C00A2CB04 /* system.lsp in CopyFiles */ = {isa = PBXBuildFile; fileRef = 3652D57C6E43E83D06D786FD /* system.lsp */; };
		24A612971B3C842400A2CB04 /* turing.lsp in CopyFiles */ = {isa = PBXBuildFile; fileRef = 3652D043BE23F9D1844A2CDC /* turing.lsp */; };
		24D82F631B234FDC00A8A86C /* t_string.cpp in Sources */ = {isa = PBXBuildFile; fileRef = 24D82F621B234FDC00A8A86C /* t_string.cpp */; };
		24D82F641B23500100A8A86C /* string.cpp in Sources */ = {isa = PBXBuildFile; fileRef = 705895601B18BA5D0035ED69 /* string.cpp */; };
		24D82F661B2351A000A8A86C /* t_pair.cpp in Sources */ = {isa = PBXBuildFile; fileRef = 24D82F651B2351A000A8A86C /* t_pair.cpp */; };
		24D82F671B2351B000A8A86C /* pair.cpp in Sources */ = {isa = PBXBuildFile; fileRef = 705895501B18697C0035ED69 /* pair.cpp */; };
		24D82F6A1B2360AA00A8A86C /* parser.cpp in Sources */ = {isa = PBXBuildFile; fileRef = 24D82F681B2360AA00A8A86C /* parser.cpp */; };
		24D82F6B1B2360AA00A8A86C /* parser.cpp in Sources */ = {isa = PBXBuildFile; fileRef = 24D82F681B2360AA00A8A86C /* parser.cpp */; };
		24D82F6D1B23623100A8A86C /* t_parser.cpp in Sources */ = {isa = PBXBuildFile; fileRef = 24D82F6C1B23623100A8A86C /* t_parser.cpp */; };
		24D82F6E1B236D9A00A8A86C /* collector.cpp in Sources */ = {isa = PBXBuildFile; fileRef = 705895561B186D380035ED69 /* collector.cpp */; };
		24D82F701B237A7D00A8A86C /* t_collector.cpp in Sources */ = {isa = PBXBuildFile; fileRef = 24D82F6F1B237A7D00A8A86C /* t_collector.cpp */; };
		24D82F731B2380AC00A8A86C /* dictionary.cpp in Sources */ = {isa = PBXBuildFile; fileRef = 24D82F711B2380AC00A8A86C /* dictionary.cpp */; };
		24D82F741B2380AC00A8A86C /* dictionary.cpp in Sources */ = {isa = PBXBuildFile; fileRef = 24D82F711B2380AC00A8A86C /* dictionary.cpp */; };
		24D82F771B23850900A8A86C /* t_dictionary.cpp in Sources */ = {isa = PBXBuildFile; fileRef = 24D82F751B23850900A8A86C /* t_dictionary.cpp */; };
		3652D0BB0B193D7FFEFEFB72 /* t_fncar.cpp in Sources */ = {isa = PBXBuildFile; fileRef = 3652DD2558702390A6E362A3 /* t_fncar.cpp */; };
		3652D0C00C3DD9AD2FC5668A /* t_fntimes.cpp in Sources */ = {isa = PBXBuildFile; fileRef = 3652D878A6985F4852600B10 /* t_fntimes.cpp */; };
		3652D0D076C2B6059C894C08 /* fncar.cpp in Sources */ = {isa = PBXBuildFile; fileRef = 3652DFCFF265AB291FD41FFA /* fncar.cpp */; };
		3652D0DFB4D59D5AA2ADF0DC /* fnerror.cpp in Sources */ = {isa = PBXBuildFile; fileRef = 3652D4621C653ACE05B629EC /* fnerror.cpp */; };
		3652D130223376DB32393D30 /* t_fnquote.cpp in Sources */ = {isa = PBXBuildFile; fileRef = 3652D471C3B513BC7C869626 /* t_fnquote.cpp */; };
		3652D15CDEDDF1182BBBB7C7 /* fncdr.cpp in Sources */ = {isa = PBXBuildFile; fileRef = 3652DD44E2B76BFA2DBE61B4 /* fncdr.cpp */; };
		3652D1AB81B57AE3DDD8572C /* t_fnlambda.cpp in Sources */ = {isa = PBXBuildFile; fileRef = 3652D1B609E657012BBAC1F5 /* t_fnlambda.cpp */; };
		3652D1E601EA127795CD170F /* t_fnimport.cpp in Sources */ = {isa = PBXBuildFile; fileRef = 3652DB8CB5CE64CF7F5B5D3E /* t_fnimport.cpp */; };
		3652D1E7E9A78CC5ED3BE824 /* fnbool.cpp in Sources */ = {isa = PBXBuildFile; fileRef = 3652D2F0AEA5FF2DC68FFEEA /* fnbool.cpp */; };
		3652D23BD9C5479CFCF35ED9 /* fnlist.cpp in Sources */ = {isa = PBXBuildFile; fileRef = 3652DBF5B527AC48F4EE10CF /* fnlist.cpp */; };
		3652D2464F770CC85126C148 /* fnpair.cpp in Sources */ = {isa = PBXBuildFile; fileRef = 3652D896F361134E6FA12B67 /* fnpair.cpp */; };
		3652D259E50387A55ED2AFB3 /* function.cpp in Sources */ = {isa = PBXBuildFile; fileRef = 3652D2D8A38CAC410F92CB4A /* function.cpp */; };
		3652D2D0B93472BC01F5F85A /* fncond.cpp in Sources */ = {isa = PBXBuildFile; fileRef = 3652D855CE00CBAD0ED7D726 /* fncond.cpp */; };
		3652D2FE0CDE61E70BEC1BB1 /* function.cpp in Sources */ = {isa = PBXBuildFile; fileRef = 3652D2D8A38CAC410F92CB4A /* function.cpp */; };
		3652D30508B86782F3798153 /* fndynamic.cpp in Sources */ = {isa = PBXBuildFile; fileRef = 3652D5A62AC5A943C3284252 /* fndynamic.cpp */; };
		3652D32B0E9298A26E7D3F60 /* root_factory.cpp in Sources */ = {isa = PBXBuildFile; fileRef = 3652D2FDC29674E566B9A885 /* root_factory.cpp */; };
		3652D33F609DD44A9703ECCE /* creator.cpp in Sources */ = {isa = PBXBuildFile; fileRef = 3652DD16F5C5A639334AAA77 /* creator.cpp */; };
		3652D36B22B5964AFCA31A12 /* t_identifier.cpp in Sources */ = {isa = PBXBuildFile; fileRef = 3652DAAF57442FD2A54692C4 /* t_identifier.cpp */; };
		3652D383FFA154FAA8148CDF /* t_fnlist.cpp in Sources */ = {isa = PBXBuildFile; fileRef = 3652D5A7BB274F2DA453E935 /* t_fnlist.cpp */; };
		3652D3F53DA96A9A258E6A56 /* fnimport.cpp in Sources */ = {isa = PBXBuildFile; fileRef = 3652D3F1C4DBF7D85E1DF212 /* fnimport.cpp */; };
		3652D43C67835998918CD6F3 /* t_fncond.cpp in Sources */ = {isa = PBXBuildFile; fileRef = 3652D9CEA6B011C6D598E9E8 /* t_fncond.cpp */; };
		3652D43E2B7D4D1DCCAE8ECF /* fndynamic.cpp in Sources */ = {isa = PBXBuildFile; fileRef = 3652D5A62AC5A943C3284252 /* fndynamic.cpp */; };
		3652D4664338D11210720DBA /* creator.cpp in Sources */ = {isa = PBXBuildFile; fileRef = 3652DD16F5C5A639334AAA77 /* creator.cpp */; };
		3652D4787436B83F1B6D556A /* decider.cpp in Sources */ = {isa = PBXBuildFile; fileRef = 3652D5206A84A89E342A5A62 /* decider.cpp */; };
		3652D4999E241DFDDC19C225 /* fnquote.cpp in Sources */ = {isa = PBXBuildFile; fileRef = 3652D4507D93EF742DF218FF /* fnquote.cpp */; };
		3652D4B847E3FCA35F87BE29 /* fnstrprint.cpp in Sources */ = {isa = PBXBuildFile; fileRef = 3652D1FF5CB7E2BC3B3A4A41 /* fnstrprint.cpp */; };
		3652D4BA1A465782B2866FD4 /* fnlist.cpp in Sources */ = {isa = PBXBuildFile; fileRef = 3652DBF5B527AC48F4EE10CF /* fnlist.cpp */; };
		3652D4D2F13C7D62CDA31E92 /* fnlambda.cpp in Sources */ = {isa = PBXBuildFile; fileRef = 3652D4F8BCDB94A2C085A989 /* fnlambda.cpp */; };
		3652D50FEB7443B181528205 /* fneval.cpp in Sources */ = {isa = PBXBuildFile; fileRef = 3652D3E9463DE1941690F22A /* fneval.cpp */; };
		3652D51D6CFFEB7764A54182 /* fnprint.cpp in Sources */ = {isa = PBXBuildFile; fileRef = 3652D426BB33BF06F277B0CC /* fnprint.cpp */; };
		3652D51FB106E32A69860ED0 /* t_error.cpp in Sources */ = {isa = PBXBuildFile; fileRef = 3652D6A4DA28AB43AD424C2D /* t_error.cpp */; };
		3652D5314877F5CFD626C94D /* state.cpp in Sources */ = {isa = PBXBuildFile; fileRef = 3652D0FAA138CD1D5707DD09 /* state.cpp */; };
		3652D5450DE90ADC5E69FCD9 /* listable.cpp in Sources */ = {isa = PBXBuildFile; fileRef = 3652DAD1206F93A9FEEB5400 /* listable.cpp */; };
		3652D5774146A4F06A82B4CE /* ptr.cpp in Sources */ = {isa = PBXBuildFile; fileRef = 3652DDD455DF176AF2F7282C /* ptr.cpp */; };
		3652D593D74446D6308337E1 /* fncar.cpp in Sources */ = {isa = PBXBuildFile; fileRef = 3652DFCFF265AB291FD41FFA /* fncar.cpp */; };
		3652D6326A249DBBE33DE207 /* state.cpp in Sources */ = {isa = PBXBuildFile; fileRef = 3652D0FAA138CD1D5707DD09 /* state.cpp */; };
		3652D635B99DB33CD9791860 /* fndefine.cpp in Sources */ = {isa = PBXBuildFile; fileRef = 3652D6530404676AA201C718 /* fndefine.cpp */; };
		3652D68ED42C4FE6FAF9AA27 /* t_fnplus.cpp in Sources */ = {isa = PBXBuildFile; fileRef = 3652D5825FFA8649C74ED15D /* t_fnplus.cpp */; };
		3652D690DFBE026E5FB9773D /* t_fnerror.cpp in Sources */ = {isa = PBXBuildFile; fileRef = 3652D8273C574E59B9D1B99A /* t_fnerror.cpp */; };
		3652D6E1F34B55F91DA07BF9 /* fndo.cpp in Sources */ = {isa = PBXBuildFile; fileRef = 3652DA7DDFF12FC852B6D546 /* fndo.cpp */; };
		3652D6E5C3B3AFA154F87255 /* fneval.cpp in Sources */ = {isa = PBXBuildFile; fileRef = 3652D3E9463DE1941690F22A /* fneval.cpp */; };
		3652D718E60D18A8164629BC /* fnstrprint.cpp in Sources */ = {isa = PBXBuildFile; fileRef = 3652D1FF5CB7E2BC3B3A4A41 /* fnstrprint.cpp */; };
		3652D74704D028D31B9CF653 /* t_root_factory.cpp in Sources */ = {isa = PBXBuildFile; fileRef = 3652D363A44991A6E250F8F5 /* t_root_factory.cpp */; };
		3652D77A1B29117193D775F9 /* fnequal.cpp in Sources */ = {isa = PBXBuildFile; fileRef = 3652D618BD53F8049434D820 /* fnequal.cpp */; };
		3652D790B1ED8394337A6E50 /* fnpair.cpp in Sources */ = {isa = PBXBuildFile; fileRef = 3652D896F361134E6FA12B67 /* fnpair.cpp */; };
		3652D7AC57E91FD86F49F8E3 /* fnprint.cpp in Sources */ = {isa = PBXBuildFile; fileRef = 3652D426BB33BF06F277B0CC /* fnprint.cpp */; };
		3652D7B65F7113D097623637 /* identifier.cpp in Sources */ = {isa = PBXBuildFile; fileRef = 3652D36D323308242DCF6057 /* identifier.cpp */; };
		3652D8ADB82864DBDC137FE3 /* fnequal.cpp in Sources */ = {isa = PBXBuildFile; fileRef = 3652D618BD53F8049434D820 /* fnequal.cpp */; };
		3652D92751CA0D8FA4273B68 /* t_fnequal.cpp in Sources */ = {isa = PBXBuildFile; fileRef = 3652D5FCB5B8BD95E66AA29D /* t_fnequal.cpp */; };
		3652D9471A4A1B0146FDB361 /* fndo.cpp in Sources */ = {isa = PBXBuildFile; fileRef = 3652DA7DDFF12FC852B6D546 /* fndo.cpp */; };
		3652D94F770D0D4199954D08 /* t_function.cpp in Sources */ = {isa = PBXBuildFile; fileRef = 3652DD206616B7415C4669D1 /* t_function.cpp */; };
		3652D9620C3AD699E48AF46E /* bool.cpp in Sources */ = {isa = PBXBuildFile; fileRef = 3652DAC1295FC1C540C4EFB7 /* bool.cpp */; };
		3652D96BA776B75E0A873736 /* t_fnstrprint.cpp in Sources */ = {isa = PBXBuildFile; fileRef = 3652DB7F5D10E268884E150C /* t_fnstrprint.cpp */; };
		3652DA104AD82394BDEC4D2E /* fnplus.cpp in Sources */ = {isa = PBXBuildFile; fileRef = 3652D8ED3BD34BD36E22C356 /* fnplus.cpp */; };
		3652DAD93097B5B2EA6FA6A0 /* root_factory.cpp in Sources */ = {isa = PBXBuildFile; fileRef = 3652D2FDC29674E566B9A885 /* root_factory.cpp */; };
		3652DB03364FD79F8A20DDF7 /* fnquote.cpp in Sources */ = {isa = PBXBuildFile; fileRef = 3652D4507D93EF742DF218FF /* fnquote.cpp */; };
		3652DB68E5AD88DE9C6FFF14 /* identifier.cpp in Sources */ = {isa = PBXBuildFile; fileRef = 3652D36D323308242DCF6057 /* identifier.cpp */; };
		3652DB85D36ACD3EC3B90D8B /* fncdr.cpp in Sources */ = {isa = PBXBuildFile; fileRef = 3652DD44E2B76BFA2DBE61B4 /* fncdr.cpp */; };
		3652DC6C9644BAEF90907BDD /* fnplus.cpp in Sources */ = {isa = PBXBuildFile; fileRef = 3652D8ED3BD34BD36E22C356 /* fnplus.cpp */; };
		3652DCB2946FE5A6ADE8D7C8 /* decider.cpp in Sources */ = {isa = PBXBuildFile; fileRef = 3652D5206A84A89E342A5A62 /* decider.cpp */; };
		3652DCBA529217912A8E04CC /* error.cpp in Sources */ = {isa = PBXBuildFile; fileRef = 3652D32F1C8FA01CE5239342 /* error.cpp */; };
		3652DCD082F02B07B54C3CC6 /* t_creator.cpp in Sources */ = {isa = PBXBuildFile; fileRef = 3652DB0D4482A6F66AF0754B /* t_creator.cpp */; };
		3652DCD945DB8B8CE00E494B /* fnlambda.cpp in Sources */ = {isa = PBXBuildFile; fileRef = 3652D4F8BCDB94A2C085A989 /* fnlambda.cpp */; };
		3652DD983E6A7C7CFB8F0C07 /* fncond.cpp in Sources */ = {isa = PBXBuildFile; fileRef = 3652D855CE00CBAD0ED7D726 /* fncond.cpp */; };
		3652DD9C1A8F58CD5F4ACAE1 /* t_fnbool.cpp in Sources */ = {isa = PBXBuildFile; fileRef = 3652D7449B3DCF05E875101D /* t_fnbool.cpp */; };
		3652DD9D48C4697D13CA9C63 /* fntimes.cpp in Sources */ = {isa = PBXBuildFile; fileRef = 3652D5B458124C1FCBFEFFE4 /* fntimes.cpp */; };
		3652DE0744FB1EF871726CDC /* fntimes.cpp in Sources */ = {isa = PBXBuildFile; fileRef = 3652D5B458124C1FCBFEFFE4 /* fntimes.cpp */; };
		3652DE5CF3BEC0F907595503 /* fndefine.cpp in Sources */ = {isa = PBXBuildFile; fileRef = 3652D6530404676AA201C718 /* fndefine.cpp */; };
		3652DE93788E64A77CFFAE3C /* listable.cpp in Sources */ = {isa = PBXBuildFile; fileRef = 3652DAD1206F93A9FEEB5400 /* listable.cpp */; };
		3652DEC2D523519E2510A196 /* fnimport.cpp in Sources */ = {isa = PBXBuildFile; fileRef = 3652D3F1C4DBF7D85E1DF212 /* fnimport.cpp */; };
		3652DF1ED6F31C4C40CBC848 /* t_fncdr.cpp in Sources */ = {isa = PBXBuildFile; fileRef = 3652D099BE3959794DA3185A /* t_fncdr.cpp */; };
		3652DF49C3C7944498418A6C /* fnbool.cpp in Sources */ = {isa = PBXBuildFile; fileRef = 3652D2F0AEA5FF2DC68FFEEA /* fnbool.cpp */; };
		3652DF8A5F7009FCC9AB1706 /* t_bool.cpp in Sources */ = {isa = PBXBuildFile; fileRef = 3652D1B66A533EB2B0453950 /* t_bool.cpp */; };
		3652DF9F1C5399E5656FA330 /* ptr.cpp in Sources */ = {isa = PBXBuildFile; fileRef = 3652DDD455DF176AF2F7282C /* ptr.cpp */; };
		3652DFBE23F09E3647F7A25E /* fnerror.cpp in Sources */ = {isa = PBXBuildFile; fileRef = 3652D4621C653ACE05B629EC /* fnerror.cpp */; };
		3652DFC5DBC0960B0C5197D6 /* error.cpp in Sources */ = {isa = PBXBuildFile; fileRef = 3652D32F1C8FA01CE5239342 /* error.cpp */; };
		3652DFCC9C4A983DB1E43A4B /* bool.cpp in Sources */ = {isa = PBXBuildFile; fileRef = 3652DAC1295FC1C540C4EFB7 /* bool.cpp */; };
		7058954A1B1869200035ED69 /* main.cpp in Sources */ = {isa = PBXBuildFile; fileRef = 705895491B1869200035ED69 /* main.cpp */; };
		705895521B18697C0035ED69 /* pair.cpp in Sources */ = {isa = PBXBuildFile; fileRef = 705895501B18697C0035ED69 /* pair.cpp */; };
		705895551B186A3E0035ED69 /* element.cpp in Sources */ = {isa = PBXBuildFile; fileRef = 705895531B186A3E0035ED69 /* element.cpp */; };
		705895581B186D380035ED69 /* collector.cpp in Sources */ = {isa = PBXBuildFile; fileRef = 705895561B186D380035ED69 /* collector.cpp */; };
		705895621B18BA5D0035ED69 /* string.cpp in Sources */ = {isa = PBXBuildFile; fileRef = 705895601B18BA5D0035ED69 /* string.cpp */; };
		705895651B18BFCE0035ED69 /* number.cpp in Sources */ = {isa = PBXBuildFile; fileRef = 705895631B18BFCE0035ED69 /* number.cpp */; };
		705895681B18C27B0035ED69 /* fractional.cpp in Sources */ = {isa = PBXBuildFile; fileRef = 705895661B18C27B0035ED69 /* fractional.cpp */; };
		705895711B1C9CF90035ED69 /* main.cpp in Sources */ = {isa = PBXBuildFile; fileRef = 705895701B1C9CF90035ED69 /* main.cpp */; };
		705895761B1C9E8A0035ED69 /* fractional.cpp in Sources */ = {isa = PBXBuildFile; fileRef = 705895661B18C27B0035ED69 /* fractional.cpp */; };
		705895791B1C9E990035ED69 /* t_fractional.cpp in Sources */ = {isa = PBXBuildFile; fileRef = 705895771B1C9E990035ED69 /* t_fractional.cpp */; };
		705895861B1CB8180035ED69 /* t_number.cpp in Sources */ = {isa = PBXBuildFile; fileRef = 705895841B1CB8180035ED69 /* t_number.cpp */; };
		705895871B1CB84E0035ED69 /* element.cpp in Sources */ = {isa = PBXBuildFile; fileRef = 705895531B186A3E0035ED69 /* element.cpp */; };
		705895881B1CB8530035ED69 /* number.cpp in Sources */ = {isa = PBXBuildFile; fileRef = 705895631B18BFCE0035ED69 /* number.cpp */; };
		90A2CA18D513CD35E6C0E45F /* t_fnminus.cpp in Sources */ = {isa = PBXBuildFile; fileRef = 90A2C7341DAD11A75255B23E /* t_fnminus.cpp */; };
		90A2CA6ABB975696E973589C /* fnminus.cpp in Sources */ = {isa = PBXBuildFile; fileRef = 90A2C3B5F0B91C4AEAC4992E /* fnminus.cpp */; };
		90A2CD5937A81ADBC641F3E5 /* t_fndefine.cpp in Sources */ = {isa = PBXBuildFile; fileRef = 90A2C2DA8D3C273382221C4C /* t_fndefine.cpp */; };
		90A2CF24F05180FDA24B6AC4 /* fnminus.cpp in Sources */ = {isa = PBXBuildFile; fileRef = 90A2C3B5F0B91C4AEAC4992E /* fnminus.cpp */; };
/* End PBXBuildFile section */

/* Begin PBXCopyFilesBuildPhase section */
		705895441B1869200035ED69 /* CopyFiles */ = {
			isa = PBXCopyFilesBuildPhase;
			buildActionMask = 12;
			dstPath = "";
			dstSubfolderSpec = 6;
			files = (
				24A612971B3C842400A2CB04 /* turing.lsp in CopyFiles */,
				24A612961B36C90C00A2CB04 /* system.lsp in CopyFiles */,
			);
			runOnlyForDeploymentPostprocessing = 0;
		};
		7058956C1B1C9CF90035ED69 /* CopyFiles */ = {
			isa = PBXCopyFilesBuildPhase;
			buildActionMask = 12;
			dstPath = "";
			dstSubfolderSpec = 6;
			files = (
				240A9F281B4817A400B6B537 /* simple.lsp in CopyFiles */,
			);
			runOnlyForDeploymentPostprocessing = 0;
		};
/* End PBXCopyFilesBuildPhase section */

/* Begin PBXFileReference section */
		24D82F5D1B22D81700A8A86C /* update_tests.rb */ = {isa = PBXFileReference; lastKnownFileType = text.script.ruby; path = update_tests.rb; sourceTree = "<group>"; };
		24D82F601B233FFE00A8A86C /* t_test.h */ = {isa = PBXFileReference; fileEncoding = 4; lastKnownFileType = sourcecode.c.h; path = t_test.h; sourceTree = "<group>"; };
		24D82F621B234FDC00A8A86C /* t_string.cpp */ = {isa = PBXFileReference; fileEncoding = 4; lastKnownFileType = sourcecode.cpp.cpp; path = t_string.cpp; sourceTree = "<group>"; };
		24D82F651B2351A000A8A86C /* t_pair.cpp */ = {isa = PBXFileReference; fileEncoding = 4; lastKnownFileType = sourcecode.cpp.cpp; path = t_pair.cpp; sourceTree = "<group>"; };
		24D82F681B2360AA00A8A86C /* parser.cpp */ = {isa = PBXFileReference; fileEncoding = 4; lastKnownFileType = sourcecode.cpp.cpp; path = parser.cpp; sourceTree = "<group>"; };
		24D82F691B2360AA00A8A86C /* parser.h */ = {isa = PBXFileReference; fileEncoding = 4; lastKnownFileType = sourcecode.c.h; path = parser.h; sourceTree = "<group>"; };
		24D82F6C1B23623100A8A86C /* t_parser.cpp */ = {isa = PBXFileReference; fileEncoding = 4; lastKnownFileType = sourcecode.cpp.cpp; path = t_parser.cpp; sourceTree = "<group>"; };
		24D82F6F1B237A7D00A8A86C /* t_collector.cpp */ = {isa = PBXFileReference; fileEncoding = 4; lastKnownFileType = sourcecode.cpp.cpp; path = t_collector.cpp; sourceTree = "<group>"; };
		24D82F711B2380AC00A8A86C /* dictionary.cpp */ = {isa = PBXFileReference; fileEncoding = 4; lastKnownFileType = sourcecode.cpp.cpp; path = dictionary.cpp; sourceTree = "<group>"; };
		24D82F721B2380AC00A8A86C /* dictionary.h */ = {isa = PBXFileReference; fileEncoding = 4; lastKnownFileType = sourcecode.c.h; path = dictionary.h; sourceTree = "<group>"; };
		24D82F751B23850900A8A86C /* t_dictionary.cpp */ = {isa = PBXFileReference; fileEncoding = 4; lastKnownFileType = sourcecode.cpp.cpp; path = t_dictionary.cpp; sourceTree = "<group>"; };
		3652D043BE23F9D1844A2CDC /* turing.lsp */ = {isa = PBXFileReference; lastKnownFileType = file.lsp; path = turing.lsp; sourceTree = "<group>"; };
		3652D05C5147BEDA132AC853 /* fncdr.h */ = {isa = PBXFileReference; fileEncoding = 4; lastKnownFileType = sourcecode.c.h; path = fncdr.h; sourceTree = "<group>"; };
		3652D0835928849F9AC8C778 /* listable.h */ = {isa = PBXFileReference; fileEncoding = 4; lastKnownFileType = sourcecode.c.h; path = listable.h; sourceTree = "<group>"; };
		3652D08ABEF53212E245755A /* fnlambda.h */ = {isa = PBXFileReference; fileEncoding = 4; lastKnownFileType = sourcecode.c.h; path = fnlambda.h; sourceTree = "<group>"; };
		3652D099BE3959794DA3185A /* t_fncdr.cpp */ = {isa = PBXFileReference; fileEncoding = 4; lastKnownFileType = sourcecode.cpp.cpp; path = t_fncdr.cpp; sourceTree = "<group>"; };
		3652D0D431AE25F4AC4ADBF9 /* decider.h */ = {isa = PBXFileReference; fileEncoding = 4; lastKnownFileType = sourcecode.c.h; path = decider.h; sourceTree = "<group>"; };
		3652D0FAA138CD1D5707DD09 /* state.cpp */ = {isa = PBXFileReference; fileEncoding = 4; lastKnownFileType = sourcecode.cpp.cpp; path = state.cpp; sourceTree = "<group>"; };
		3652D114DBB0C93DAB7D2A20 /* fneval.h */ = {isa = PBXFileReference; fileEncoding = 4; lastKnownFileType = sourcecode.c.h; path = fneval.h; sourceTree = "<group>"; };
		3652D17D6D2FD01B70FAA42A /* fndo.h */ = {isa = PBXFileReference; fileEncoding = 4; lastKnownFileType = sourcecode.c.h; path = fndo.h; sourceTree = "<group>"; };
		3652D19CEB36D5334D3D94C9 /* TODO.txt */ = {isa = PBXFileReference; fileEncoding = 4; lastKnownFileType = text; path = TODO.txt; sourceTree = "<group>"; };
		3652D1B609E657012BBAC1F5 /* t_fnlambda.cpp */ = {isa = PBXFileReference; fileEncoding = 4; lastKnownFileType = sourcecode.cpp.cpp; path = t_fnlambda.cpp; sourceTree = "<group>"; };
		3652D1B66A533EB2B0453950 /* t_bool.cpp */ = {isa = PBXFileReference; fileEncoding = 4; lastKnownFileType = sourcecode.cpp.cpp; path = t_bool.cpp; sourceTree = "<group>"; };
		3652D1FF5CB7E2BC3B3A4A41 /* fnstrprint.cpp */ = {isa = PBXFileReference; fileEncoding = 4; lastKnownFileType = sourcecode.cpp.cpp; path = fnstrprint.cpp; sourceTree = "<group>"; };
		3652D263F5D663BFC40DD02D /* fndefine.h */ = {isa = PBXFileReference; fileEncoding = 4; lastKnownFileType = sourcecode.c.h; path = fndefine.h; sourceTree = "<group>"; };
		3652D26923E9C50B8690BC2B /* fnimport.h */ = {isa = PBXFileReference; fileEncoding = 4; lastKnownFileType = sourcecode.c.h; path = fnimport.h; sourceTree = "<group>"; };
		3652D2B7CC85B0B61178206C /* simple.lsp */ = {isa = PBXFileReference; lastKnownFileType = file.lsp; path = simple.lsp; sourceTree = "<group>"; };
		3652D2C91B8992A3B3B40BC8 /* identifier.h */ = {isa = PBXFileReference; fileEncoding = 4; lastKnownFileType = sourcecode.c.h; path = identifier.h; sourceTree = "<group>"; };
		3652D2D8A38CAC410F92CB4A /* function.cpp */ = {isa = PBXFileReference; fileEncoding = 4; lastKnownFileType = sourcecode.cpp.cpp; path = function.cpp; sourceTree = "<group>"; };
		3652D2F0AEA5FF2DC68FFEEA /* fnbool.cpp */ = {isa = PBXFileReference; fileEncoding = 4; lastKnownFileType = sourcecode.cpp.cpp; path = fnbool.cpp; sourceTree = "<group>"; };
		3652D2FDC29674E566B9A885 /* root_factory.cpp */ = {isa = PBXFileReference; fileEncoding = 4; lastKnownFileType = sourcecode.cpp.cpp; path = root_factory.cpp; sourceTree = "<group>"; };
		3652D32F1C8FA01CE5239342 /* error.cpp */ = {isa = PBXFileReference; fileEncoding = 4; lastKnownFileType = sourcecode.cpp.cpp; path = error.cpp; sourceTree = "<group>"; };
		3652D363A44991A6E250F8F5 /* t_root_factory.cpp */ = {isa = PBXFileReference; fileEncoding = 4; lastKnownFileType = sourcecode.cpp.cpp; path = t_root_factory.cpp; sourceTree = "<group>"; };
		3652D36D323308242DCF6057 /* identifier.cpp */ = {isa = PBXFileReference; fileEncoding = 4; lastKnownFileType = sourcecode.cpp.cpp; path = identifier.cpp; sourceTree = "<group>"; };
		3652D375BF1ABD0090EA679C /* fnquote.h */ = {isa = PBXFileReference; fileEncoding = 4; lastKnownFileType = sourcecode.c.h; path = fnquote.h; sourceTree = "<group>"; };
		3652D3E9463DE1941690F22A /* fneval.cpp */ = {isa = PBXFileReference; fileEncoding = 4; lastKnownFileType = sourcecode.cpp.cpp; path = fneval.cpp; sourceTree = "<group>"; };
		3652D3F1C4DBF7D85E1DF212 /* fnimport.cpp */ = {isa = PBXFileReference; fileEncoding = 4; lastKnownFileType = sourcecode.cpp.cpp; path = fnimport.cpp; sourceTree = "<group>"; };
		3652D426BB33BF06F277B0CC /* fnprint.cpp */ = {isa = PBXFileReference; fileEncoding = 4; lastKnownFileType = sourcecode.cpp.cpp; path = fnprint.cpp; sourceTree = "<group>"; };
		3652D4507D93EF742DF218FF /* fnquote.cpp */ = {isa = PBXFileReference; fileEncoding = 4; lastKnownFileType = sourcecode.cpp.cpp; path = fnquote.cpp; sourceTree = "<group>"; };
		3652D4621C653ACE05B629EC /* fnerror.cpp */ = {isa = PBXFileReference; fileEncoding = 4; lastKnownFileType = sourcecode.cpp.cpp; path = fnerror.cpp; sourceTree = "<group>"; };
		3652D46C15DBE1C7FE1BE5BA /* fndynamic.h */ = {isa = PBXFileReference; fileEncoding = 4; lastKnownFileType = sourcecode.c.h; path = fndynamic.h; sourceTree = "<group>"; };
		3652D471C3B513BC7C869626 /* t_fnquote.cpp */ = {isa = PBXFileReference; fileEncoding = 4; lastKnownFileType = sourcecode.cpp.cpp; path = t_fnquote.cpp; sourceTree = "<group>"; };
		3652D4F8BCDB94A2C085A989 /* fnlambda.cpp */ = {isa = PBXFileReference; fileEncoding = 4; lastKnownFileType = sourcecode.cpp.cpp; path = fnlambda.cpp; sourceTree = "<group>"; };
		3652D5206A84A89E342A5A62 /* decider.cpp */ = {isa = PBXFileReference; fileEncoding = 4; lastKnownFileType = sourcecode.cpp.cpp; path = decider.cpp; sourceTree = "<group>"; };
		3652D57C6E43E83D06D786FD /* system.lsp */ = {isa = PBXFileReference; lastKnownFileType = file.lsp; path = system.lsp; sourceTree = "<group>"; };
		3652D5825FFA8649C74ED15D /* t_fnplus.cpp */ = {isa = PBXFileReference; fileEncoding = 4; lastKnownFileType = sourcecode.cpp.cpp; path = t_fnplus.cpp; sourceTree = "<group>"; };
		3652D5A62AC5A943C3284252 /* fndynamic.cpp */ = {isa = PBXFileReference; fileEncoding = 4; lastKnownFileType = sourcecode.cpp.cpp; path = fndynamic.cpp; sourceTree = "<group>"; };
		3652D5A7BB274F2DA453E935 /* t_fnlist.cpp */ = {isa = PBXFileReference; fileEncoding = 4; lastKnownFileType = sourcecode.cpp.cpp; path = t_fnlist.cpp; sourceTree = "<group>"; };
		3652D5B458124C1FCBFEFFE4 /* fntimes.cpp */ = {isa = PBXFileReference; fileEncoding = 4; lastKnownFileType = sourcecode.cpp.cpp; path = fntimes.cpp; sourceTree = "<group>"; };
		3652D5FCB5B8BD95E66AA29D /* t_fnequal.cpp */ = {isa = PBXFileReference; fileEncoding = 4; lastKnownFileType = sourcecode.cpp.cpp; path = t_fnequal.cpp; sourceTree = "<group>"; };
		3652D618BD53F8049434D820 /* fnequal.cpp */ = {isa = PBXFileReference; fileEncoding = 4; lastKnownFileType = sourcecode.cpp.cpp; path = fnequal.cpp; sourceTree = "<group>"; };
		3652D6530404676AA201C718 /* fndefine.cpp */ = {isa = PBXFileReference; fileEncoding = 4; lastKnownFileType = sourcecode.cpp.cpp; path = fndefine.cpp; sourceTree = "<group>"; };
		3652D6A4DA28AB43AD424C2D /* t_error.cpp */ = {isa = PBXFileReference; fileEncoding = 4; lastKnownFileType = sourcecode.cpp.cpp; path = t_error.cpp; sourceTree = "<group>"; };
		3652D6CF19091A9B45B09C6E /* ptr.h */ = {isa = PBXFileReference; fileEncoding = 4; lastKnownFileType = sourcecode.c.h; path = ptr.h; sourceTree = "<group>"; };
		3652D7449B3DCF05E875101D /* t_fnbool.cpp */ = {isa = PBXFileReference; fileEncoding = 4; lastKnownFileType = sourcecode.cpp.cpp; path = t_fnbool.cpp; sourceTree = "<group>"; };
		3652D7F1CE610A61A891C3EA /* fnprint.h */ = {isa = PBXFileReference; fileEncoding = 4; lastKnownFileType = sourcecode.c.h; path = fnprint.h; sourceTree = "<group>"; };
		3652D8273C574E59B9D1B99A /* t_fnerror.cpp */ = {isa = PBXFileReference; fileEncoding = 4; lastKnownFileType = sourcecode.cpp.cpp; path = t_fnerror.cpp; sourceTree = "<group>"; };
		3652D84A713D7FB134C83ECE /* fnpair.h */ = {isa = PBXFileReference; fileEncoding = 4; lastKnownFileType = sourcecode.c.h; path = fnpair.h; sourceTree = "<group>"; };
		3652D8544FF74D073C03FADB /* fnequal.h */ = {isa = PBXFileReference; fileEncoding = 4; lastKnownFileType = sourcecode.c.h; path = fnequal.h; sourceTree = "<group>"; };
		3652D855CE00CBAD0ED7D726 /* fncond.cpp */ = {isa = PBXFileReference; fileEncoding = 4; lastKnownFileType = sourcecode.cpp.cpp; path = fncond.cpp; sourceTree = "<group>"; };
		3652D878A6985F4852600B10 /* t_fntimes.cpp */ = {isa = PBXFileReference; fileEncoding = 4; lastKnownFileType = sourcecode.cpp.cpp; path = t_fntimes.cpp; sourceTree = "<group>"; };
		3652D896F361134E6FA12B67 /* fnpair.cpp */ = {isa = PBXFileReference; fileEncoding = 4; lastKnownFileType = sourcecode.cpp.cpp; path = fnpair.cpp; sourceTree = "<group>"; };
		3652D8DC3696E36374FC5014 /* creator.h */ = {isa = PBXFileReference; fileEncoding = 4; lastKnownFileType = sourcecode.c.h; path = creator.h; sourceTree = "<group>"; };
		3652D8ED3BD34BD36E22C356 /* fnplus.cpp */ = {isa = PBXFileReference; fileEncoding = 4; lastKnownFileType = sourcecode.cpp.cpp; path = fnplus.cpp; sourceTree = "<group>"; };
		3652D9CEA6B011C6D598E9E8 /* t_fncond.cpp */ = {isa = PBXFileReference; fileEncoding = 4; lastKnownFileType = sourcecode.cpp.cpp; path = t_fncond.cpp; sourceTree = "<group>"; };
		3652DA5197E2C3A98103E2C4 /* fnlist.h */ = {isa = PBXFileReference; fileEncoding = 4; lastKnownFileType = sourcecode.c.h; path = fnlist.h; sourceTree = "<group>"; };
		3652DA7DDFF12FC852B6D546 /* fndo.cpp */ = {isa = PBXFileReference; fileEncoding = 4; lastKnownFileType = sourcecode.cpp.cpp; path = fndo.cpp; sourceTree = "<group>"; };
		3652DA9322E2DB5381D02E5A /* fnerror.h */ = {isa = PBXFileReference; fileEncoding = 4; lastKnownFileType = sourcecode.c.h; path = fnerror.h; sourceTree = "<group>"; };
		3652DAAF57442FD2A54692C4 /* t_identifier.cpp */ = {isa = PBXFileReference; fileEncoding = 4; lastKnownFileType = sourcecode.cpp.cpp; path = t_identifier.cpp; sourceTree = "<group>"; };
		3652DAC1295FC1C540C4EFB7 /* bool.cpp */ = {isa = PBXFileReference; fileEncoding = 4; lastKnownFileType = sourcecode.cpp.cpp; path = bool.cpp; sourceTree = "<group>"; };
		3652DAD1206F93A9FEEB5400 /* listable.cpp */ = {isa = PBXFileReference; fileEncoding = 4; lastKnownFileType = sourcecode.cpp.cpp; path = listable.cpp; sourceTree = "<group>"; };
		3652DB0D4482A6F66AF0754B /* t_creator.cpp */ = {isa = PBXFileReference; fileEncoding = 4; lastKnownFileType = sourcecode.cpp.cpp; path = t_creator.cpp; sourceTree = "<group>"; };
		3652DB7F5D10E268884E150C /* t_fnstrprint.cpp */ = {isa = PBXFileReference; fileEncoding = 4; lastKnownFileType = sourcecode.cpp.cpp; path = t_fnstrprint.cpp; sourceTree = "<group>"; };
		3652DB8CB5CE64CF7F5B5D3E /* t_fnimport.cpp */ = {isa = PBXFileReference; fileEncoding = 4; lastKnownFileType = sourcecode.cpp.cpp; path = t_fnimport.cpp; sourceTree = "<group>"; };
		3652DBCB0C53F488649922E4 /* fncar.h */ = {isa = PBXFileReference; fileEncoding = 4; lastKnownFileType = sourcecode.c.h; path = fncar.h; sourceTree = "<group>"; };
		3652DBD71DBC8FACD7C6861B /* state.h */ = {isa = PBXFileReference; fileEncoding = 4; lastKnownFileType = sourcecode.c.h; path = state.h; sourceTree = "<group>"; };
		3652DBF5B527AC48F4EE10CF /* fnlist.cpp */ = {isa = PBXFileReference; fileEncoding = 4; lastKnownFileType = sourcecode.cpp.cpp; path = fnlist.cpp; sourceTree = "<group>"; };
		3652DC18978291200417DAEB /* fnbool.h */ = {isa = PBXFileReference; fileEncoding = 4; lastKnownFileType = sourcecode.c.h; path = fnbool.h; sourceTree = "<group>"; };
		3652DCC3E3A7F6470231FF1C /* fntimes.h */ = {isa = PBXFileReference; fileEncoding = 4; lastKnownFileType = sourcecode.c.h; path = fntimes.h; sourceTree = "<group>"; };
		3652DCFDD9C76DD192420E1F /* fncond.h */ = {isa = PBXFileReference; fileEncoding = 4; lastKnownFileType = sourcecode.c.h; path = fncond.h; sourceTree = "<group>"; };
		3652DD16F5C5A639334AAA77 /* creator.cpp */ = {isa = PBXFileReference; fileEncoding = 4; lastKnownFileType = sourcecode.cpp.cpp; path = creator.cpp; sourceTree = "<group>"; };
		3652DD206616B7415C4669D1 /* t_function.cpp */ = {isa = PBXFileReference; fileEncoding = 4; lastKnownFileType = sourcecode.cpp.cpp; path = t_function.cpp; sourceTree = "<group>"; };
		3652DD2558702390A6E362A3 /* t_fncar.cpp */ = {isa = PBXFileReference; fileEncoding = 4; lastKnownFileType = sourcecode.cpp.cpp; path = t_fncar.cpp; sourceTree = "<group>"; };
		3652DD34EBFAC27205E45345 /* function.h */ = {isa = PBXFileReference; fileEncoding = 4; lastKnownFileType = sourcecode.c.h; path = function.h; sourceTree = "<group>"; };
		3652DD44E2B76BFA2DBE61B4 /* fncdr.cpp */ = {isa = PBXFileReference; fileEncoding = 4; lastKnownFileType = sourcecode.cpp.cpp; path = fncdr.cpp; sourceTree = "<group>"; };
		3652DDD455DF176AF2F7282C /* ptr.cpp */ = {isa = PBXFileReference; fileEncoding = 4; lastKnownFileType = sourcecode.cpp.cpp; path = ptr.cpp; sourceTree = "<group>"; };
		3652DEB1A604C6D82226D33F /* bool.h */ = {isa = PBXFileReference; fileEncoding = 4; lastKnownFileType = sourcecode.c.h; path = bool.h; sourceTree = "<group>"; };
		3652DFB4794774B82D7455FE /* root_factory.h */ = {isa = PBXFileReference; fileEncoding = 4; lastKnownFileType = sourcecode.c.h; path = root_factory.h; sourceTree = "<group>"; };
		3652DFC183D6762FD63F3C41 /* error.h */ = {isa = PBXFileReference; fileEncoding = 4; lastKnownFileType = sourcecode.c.h; path = error.h; sourceTree = "<group>"; };
		3652DFCFF265AB291FD41FFA /* fncar.cpp */ = {isa = PBXFileReference; fileEncoding = 4; lastKnownFileType = sourcecode.cpp.cpp; path = fncar.cpp; sourceTree = "<group>"; };
		3652DFE72FF98E0AAC28E87F /* fnplus.h */ = {isa = PBXFileReference; fileEncoding = 4; lastKnownFileType = sourcecode.c.h; path = fnplus.h; sourceTree = "<group>"; };
		3652DFECF5E5428584F19CED /* fnstrprint.h */ = {isa = PBXFileReference; fileEncoding = 4; lastKnownFileType = sourcecode.c.h; path = fnstrprint.h; sourceTree = "<group>"; };
		705895461B1869200035ED69 /* myLisp */ = {isa = PBXFileReference; explicitFileType = "compiled.mach-o.executable"; includeInIndex = 0; path = myLisp; sourceTree = BUILT_PRODUCTS_DIR; };
		705895491B1869200035ED69 /* main.cpp */ = {isa = PBXFileReference; lastKnownFileType = sourcecode.cpp.cpp; path = main.cpp; sourceTree = "<group>"; };
		705895501B18697C0035ED69 /* pair.cpp */ = {isa = PBXFileReference; fileEncoding = 4; lastKnownFileType = sourcecode.cpp.cpp; path = pair.cpp; sourceTree = "<group>"; };
		705895511B18697C0035ED69 /* pair.h */ = {isa = PBXFileReference; fileEncoding = 4; lastKnownFileType = sourcecode.c.h; path = pair.h; sourceTree = "<group>"; };
		705895531B186A3E0035ED69 /* element.cpp */ = {isa = PBXFileReference; fileEncoding = 4; lastKnownFileType = sourcecode.cpp.cpp; path = element.cpp; sourceTree = "<group>"; };
		705895541B186A3E0035ED69 /* element.h */ = {isa = PBXFileReference; fileEncoding = 4; lastKnownFileType = sourcecode.c.h; path = element.h; sourceTree = "<group>"; };
		705895561B186D380035ED69 /* collector.cpp */ = {isa = PBXFileReference; fileEncoding = 4; lastKnownFileType = sourcecode.cpp.cpp; path = collector.cpp; sourceTree = "<group>"; };
		705895571B186D380035ED69 /* collector.h */ = {isa = PBXFileReference; fileEncoding = 4; lastKnownFileType = sourcecode.c.h; path = collector.h; sourceTree = "<group>"; };
		705895601B18BA5D0035ED69 /* string.cpp */ = {isa = PBXFileReference; fileEncoding = 4; lastKnownFileType = sourcecode.cpp.cpp; path = string.cpp; sourceTree = "<group>"; };
		705895611B18BA5D0035ED69 /* string.h */ = {isa = PBXFileReference; fileEncoding = 4; lastKnownFileType = sourcecode.c.h; path = string.h; sourceTree = "<group>"; };
		705895631B18BFCE0035ED69 /* number.cpp */ = {isa = PBXFileReference; fileEncoding = 4; lastKnownFileType = sourcecode.cpp.cpp; path = number.cpp; sourceTree = "<group>"; };
		705895641B18BFCE0035ED69 /* number.h */ = {isa = PBXFileReference; fileEncoding = 4; lastKnownFileType = sourcecode.c.h; path = number.h; sourceTree = "<group>"; };
		705895661B18C27B0035ED69 /* fractional.cpp */ = {isa = PBXFileReference; fileEncoding = 4; lastKnownFileType = sourcecode.cpp.cpp; path = fractional.cpp; sourceTree = "<group>"; };
		705895671B18C27B0035ED69 /* fractional.h */ = {isa = PBXFileReference; fileEncoding = 4; lastKnownFileType = sourcecode.c.h; path = fractional.h; sourceTree = "<group>"; };
		7058956E1B1C9CF90035ED69 /* testLisp */ = {isa = PBXFileReference; explicitFileType = "compiled.mach-o.executable"; includeInIndex = 0; path = testLisp; sourceTree = BUILT_PRODUCTS_DIR; };
		705895701B1C9CF90035ED69 /* main.cpp */ = {isa = PBXFileReference; lastKnownFileType = sourcecode.cpp.cpp; path = main.cpp; sourceTree = "<group>"; };
		705895771B1C9E990035ED69 /* t_fractional.cpp */ = {isa = PBXFileReference; fileEncoding = 4; lastKnownFileType = sourcecode.cpp.cpp; path = t_fractional.cpp; sourceTree = "<group>"; };
		7058957B1B1CA07E0035ED69 /* t_template.cpp */ = {isa = PBXFileReference; lastKnownFileType = sourcecode.cpp.cpp; path = t_template.cpp; sourceTree = "<group>"; };
		705895841B1CB8180035ED69 /* t_number.cpp */ = {isa = PBXFileReference; fileEncoding = 4; lastKnownFileType = sourcecode.cpp.cpp; path = t_number.cpp; sourceTree = "<group>"; };
		90A2C2DA8D3C273382221C4C /* t_fndefine.cpp */ = {isa = PBXFileReference; fileEncoding = 4; lastKnownFileType = sourcecode.cpp.cpp; path = t_fndefine.cpp; sourceTree = "<group>"; };
		90A2C3B5F0B91C4AEAC4992E /* fnminus.cpp */ = {isa = PBXFileReference; fileEncoding = 4; lastKnownFileType = sourcecode.cpp.cpp; path = fnminus.cpp; sourceTree = "<group>"; };
		90A2C7341DAD11A75255B23E /* t_fnminus.cpp */ = {isa = PBXFileReference; fileEncoding = 4; lastKnownFileType = sourcecode.cpp.cpp; path = t_fnminus.cpp; sourceTree = "<group>"; };
		90A2C94FA87E6F4F2A6DA489 /* fnminus.h */ = {isa = PBXFileReference; fileEncoding = 4; lastKnownFileType = sourcecode.c.h; path = fnminus.h; sourceTree = "<group>"; };
/* End PBXFileReference section */

/* Begin PBXFrameworksBuildPhase section */
		705895431B1869200035ED69 /* Frameworks */ = {
			isa = PBXFrameworksBuildPhase;
			buildActionMask = 2147483647;
			files = (
			);
			runOnlyForDeploymentPostprocessing = 0;
		};
		7058956B1B1C9CF90035ED69 /* Frameworks */ = {
			isa = PBXFrameworksBuildPhase;
			buildActionMask = 2147483647;
			files = (
			);
			runOnlyForDeploymentPostprocessing = 0;
		};
/* End PBXFrameworksBuildPhase section */

/* Begin PBXGroup section */
		7058953D1B1869200035ED69 = {
			isa = PBXGroup;
			children = (
				24D82F5D1B22D81700A8A86C /* update_tests.rb */,
				705895481B1869200035ED69 /* myLisp */,
				7058956F1B1C9CF90035ED69 /* testLisp */,
				705895471B1869200035ED69 /* Products */,
				3652D19CEB36D5334D3D94C9 /* TODO.txt */,
			);
			sourceTree = "<group>";
		};
		705895471B1869200035ED69 /* Products */ = {
			isa = PBXGroup;
			children = (
				705895461B1869200035ED69 /* myLisp */,
				7058956E1B1C9CF90035ED69 /* testLisp */,
			);
			name = Products;
			sourceTree = "<group>";
		};
		705895481B1869200035ED69 /* myLisp */ = {
			isa = PBXGroup;
			children = (
				705895491B1869200035ED69 /* main.cpp */,
				705895501B18697C0035ED69 /* pair.cpp */,
				705895511B18697C0035ED69 /* pair.h */,
				705895531B186A3E0035ED69 /* element.cpp */,
				705895541B186A3E0035ED69 /* element.h */,
				705895561B186D380035ED69 /* collector.cpp */,
				705895571B186D380035ED69 /* collector.h */,
				705895601B18BA5D0035ED69 /* string.cpp */,
				705895611B18BA5D0035ED69 /* string.h */,
				705895631B18BFCE0035ED69 /* number.cpp */,
				705895641B18BFCE0035ED69 /* number.h */,
				705895661B18C27B0035ED69 /* fractional.cpp */,
				705895671B18C27B0035ED69 /* fractional.h */,
				24D82F681B2360AA00A8A86C /* parser.cpp */,
				24D82F691B2360AA00A8A86C /* parser.h */,
				24D82F711B2380AC00A8A86C /* dictionary.cpp */,
				24D82F721B2380AC00A8A86C /* dictionary.h */,
				3652D2D8A38CAC410F92CB4A /* function.cpp */,
				3652DD34EBFAC27205E45345 /* function.h */,
				3652D8ED3BD34BD36E22C356 /* fnplus.cpp */,
				3652DFE72FF98E0AAC28E87F /* fnplus.h */,
				3652D0FAA138CD1D5707DD09 /* state.cpp */,
				3652DBD71DBC8FACD7C6861B /* state.h */,
				3652DDD455DF176AF2F7282C /* ptr.cpp */,
				3652D6CF19091A9B45B09C6E /* ptr.h */,
				3652DD16F5C5A639334AAA77 /* creator.cpp */,
				3652D8DC3696E36374FC5014 /* creator.h */,
				3652D2FDC29674E566B9A885 /* root_factory.cpp */,
				3652DFB4794774B82D7455FE /* root_factory.h */,
				3652D6530404676AA201C718 /* fndefine.cpp */,
				3652D263F5D663BFC40DD02D /* fndefine.h */,
				90A2C3B5F0B91C4AEAC4992E /* fnminus.cpp */,
				90A2C94FA87E6F4F2A6DA489 /* fnminus.h */,
				3652DAC1295FC1C540C4EFB7 /* bool.cpp */,
				3652DEB1A604C6D82226D33F /* bool.h */,
				3652D36D323308242DCF6057 /* identifier.cpp */,
				3652D2C91B8992A3B3B40BC8 /* identifier.h */,
				3652DBF5B527AC48F4EE10CF /* fnlist.cpp */,
				3652DA5197E2C3A98103E2C4 /* fnlist.h */,
				3652D57C6E43E83D06D786FD /* system.lsp */,
				3652D4F8BCDB94A2C085A989 /* fnlambda.cpp */,
				3652D08ABEF53212E245755A /* fnlambda.h */,
				3652D5A62AC5A943C3284252 /* fndynamic.cpp */,
				3652D46C15DBE1C7FE1BE5BA /* fndynamic.h */,
				3652D3E9463DE1941690F22A /* fneval.cpp */,
				3652D114DBB0C93DAB7D2A20 /* fneval.h */,
				3652DFCFF265AB291FD41FFA /* fncar.cpp */,
				3652DBCB0C53F488649922E4 /* fncar.h */,
				3652DD44E2B76BFA2DBE61B4 /* fncdr.cpp */,
				3652D05C5147BEDA132AC853 /* fncdr.h */,
				3652D855CE00CBAD0ED7D726 /* fncond.cpp */,
				3652DCFDD9C76DD192420E1F /* fncond.h */,
				3652D618BD53F8049434D820 /* fnequal.cpp */,
				3652D8544FF74D073C03FADB /* fnequal.h */,
				3652D4507D93EF742DF218FF /* fnquote.cpp */,
				3652D375BF1ABD0090EA679C /* fnquote.h */,
				3652D3F1C4DBF7D85E1DF212 /* fnimport.cpp */,
				3652D26923E9C50B8690BC2B /* fnimport.h */,
				3652D043BE23F9D1844A2CDC /* turing.lsp */,
				3652DA7DDFF12FC852B6D546 /* fndo.cpp */,
				3652D17D6D2FD01B70FAA42A /* fndo.h */,
				3652D32F1C8FA01CE5239342 /* error.cpp */,
				3652DFC183D6762FD63F3C41 /* error.h */,
				3652D4621C653ACE05B629EC /* fnerror.cpp */,
				3652DA9322E2DB5381D02E5A /* fnerror.h */,
				3652D5B458124C1FCBFEFFE4 /* fntimes.cpp */,
				3652DCC3E3A7F6470231FF1C /* fntimes.h */,
				3652D426BB33BF06F277B0CC /* fnprint.cpp */,
				3652D7F1CE610A61A891C3EA /* fnprint.h */,
				3652D2B7CC85B0B61178206C /* simple.lsp */,
				3652D2F0AEA5FF2DC68FFEEA /* fnbool.cpp */,
				3652DC18978291200417DAEB /* fnbool.h */,
				3652D1FF5CB7E2BC3B3A4A41 /* fnstrprint.cpp */,
				3652DFECF5E5428584F19CED /* fnstrprint.h */,
				3652DAD1206F93A9FEEB5400 /* listable.cpp */,
				3652D0835928849F9AC8C778 /* listable.h */,
				3652D5206A84A89E342A5A62 /* decider.cpp */,
				3652D0D431AE25F4AC4ADBF9 /* decider.h */,
				3652D896F361134E6FA12B67 /* fnpair.cpp */,
				3652D84A713D7FB134C83ECE /* fnpair.h */,
			);
			path = myLisp;
			sourceTree = "<group>";
		};
		7058956F1B1C9CF90035ED69 /* testLisp */ = {
			isa = PBXGroup;
			children = (
				24D82F751B23850900A8A86C /* t_dictionary.cpp */,
				24D82F6F1B237A7D00A8A86C /* t_collector.cpp */,
				24D82F6C1B23623100A8A86C /* t_parser.cpp */,
				24D82F651B2351A000A8A86C /* t_pair.cpp */,
				24D82F621B234FDC00A8A86C /* t_string.cpp */,
				705895841B1CB8180035ED69 /* t_number.cpp */,
				705895701B1C9CF90035ED69 /* main.cpp */,
				705895771B1C9E990035ED69 /* t_fractional.cpp */,
				7058957B1B1CA07E0035ED69 /* t_template.cpp */,
				24D82F601B233FFE00A8A86C /* t_test.h */,
				3652DD206616B7415C4669D1 /* t_function.cpp */,
				3652D5825FFA8649C74ED15D /* t_fnplus.cpp */,
				3652DB0D4482A6F66AF0754B /* t_creator.cpp */,
				3652D363A44991A6E250F8F5 /* t_root_factory.cpp */,
				90A2C7341DAD11A75255B23E /* t_fnminus.cpp */,
				90A2C2DA8D3C273382221C4C /* t_fndefine.cpp */,
				3652D1B66A533EB2B0453950 /* t_bool.cpp */,
				3652D5A7BB274F2DA453E935 /* t_fnlist.cpp */,
				3652DD2558702390A6E362A3 /* t_fncar.cpp */,
				3652D099BE3959794DA3185A /* t_fncdr.cpp */,
				3652D9CEA6B011C6D598E9E8 /* t_fncond.cpp */,
				3652D5FCB5B8BD95E66AA29D /* t_fnequal.cpp */,
				3652D471C3B513BC7C869626 /* t_fnquote.cpp */,
				3652D6A4DA28AB43AD424C2D /* t_error.cpp */,
				3652D8273C574E59B9D1B99A /* t_fnerror.cpp */,
				3652D878A6985F4852600B10 /* t_fntimes.cpp */,
				3652D1B609E657012BBAC1F5 /* t_fnlambda.cpp */,
				3652DB8CB5CE64CF7F5B5D3E /* t_fnimport.cpp */,
				3652D7449B3DCF05E875101D /* t_fnbool.cpp */,
				3652DB7F5D10E268884E150C /* t_fnstrprint.cpp */,
				3652DAAF57442FD2A54692C4 /* t_identifier.cpp */,
			);
			path = testLisp;
			sourceTree = "<group>";
		};
/* End PBXGroup section */

/* Begin PBXNativeTarget section */
		705895451B1869200035ED69 /* myLisp */ = {
			isa = PBXNativeTarget;
			buildConfigurationList = 7058954D1B1869200035ED69 /* Build configuration list for PBXNativeTarget "myLisp" */;
			buildPhases = (
				705895421B1869200035ED69 /* Sources */,
				705895431B1869200035ED69 /* Frameworks */,
				705895441B1869200035ED69 /* CopyFiles */,
			);
			buildRules = (
			);
			dependencies = (
			);
			name = myLisp;
			productName = myLisp;
			productReference = 705895461B1869200035ED69 /* myLisp */;
			productType = "com.apple.product-type.tool";
		};
		7058956D1B1C9CF90035ED69 /* testLisp */ = {
			isa = PBXNativeTarget;
			buildConfigurationList = 705895721B1C9CF90035ED69 /* Build configuration list for PBXNativeTarget "testLisp" */;
			buildPhases = (
				24D82F5E1B22D84000A8A86C /* ShellScript */,
				7058956A1B1C9CF90035ED69 /* Sources */,
				7058956B1B1C9CF90035ED69 /* Frameworks */,
				7058956C1B1C9CF90035ED69 /* CopyFiles */,
			);
			buildRules = (
			);
			dependencies = (
			);
			name = testLisp;
			productName = testLisp;
			productReference = 7058956E1B1C9CF90035ED69 /* testLisp */;
			productType = "com.apple.product-type.tool";
		};
/* End PBXNativeTarget section */

/* Begin PBXProject section */
		7058953E1B1869200035ED69 /* Project object */ = {
			isa = PBXProject;
			attributes = {
				LastUpgradeCheck = 0630;
				ORGANIZATIONNAME = "Timm Knape Softwaretechnik (http://www.kna-st.de)";
				TargetAttributes = {
					705895451B1869200035ED69 = {
						CreatedOnToolsVersion = 6.3.2;
					};
					7058956D1B1C9CF90035ED69 = {
						CreatedOnToolsVersion = 6.3.2;
					};
				};
			};
			buildConfigurationList = 705895411B1869200035ED69 /* Build configuration list for PBXProject "myLisp" */;
			compatibilityVersion = "Xcode 3.2";
			developmentRegion = English;
			hasScannedForEncodings = 0;
			knownRegions = (
				en,
			);
			mainGroup = 7058953D1B1869200035ED69;
			productRefGroup = 705895471B1869200035ED69 /* Products */;
			projectDirPath = "";
			projectRoot = "";
			targets = (
				705895451B1869200035ED69 /* myLisp */,
				7058956D1B1C9CF90035ED69 /* testLisp */,
			);
		};
/* End PBXProject section */

/* Begin PBXShellScriptBuildPhase section */
		24D82F5E1B22D84000A8A86C /* ShellScript */ = {
			isa = PBXShellScriptBuildPhase;
			buildActionMask = 2147483647;
			files = (
			);
			inputPaths = (
			);
			outputPaths = (
			);
			runOnlyForDeploymentPostprocessing = 0;
			shellPath = /bin/sh;
			shellScript = ./update_tests.rb;
			showEnvVarsInLog = 0;
		};
/* End PBXShellScriptBuildPhase section */

/* Begin PBXSourcesBuildPhase section */
		705895421B1869200035ED69 /* Sources */ = {
			isa = PBXSourcesBuildPhase;
			buildActionMask = 2147483647;
			files = (
				24D82F6A1B2360AA00A8A86C /* parser.cpp in Sources */,
				7058954A1B1869200035ED69 /* main.cpp in Sources */,
				705895581B186D380035ED69 /* collector.cpp in Sources */,
				705895651B18BFCE0035ED69 /* number.cpp in Sources */,
				705895551B186A3E0035ED69 /* element.cpp in Sources */,
				705895621B18BA5D0035ED69 /* string.cpp in Sources */,
				705895681B18C27B0035ED69 /* fractional.cpp in Sources */,
				24D82F731B2380AC00A8A86C /* dictionary.cpp in Sources */,
				705895521B18697C0035ED69 /* pair.cpp in Sources */,
				3652D259E50387A55ED2AFB3 /* function.cpp in Sources */,
				3652DA104AD82394BDEC4D2E /* fnplus.cpp in Sources */,
				3652D5314877F5CFD626C94D /* state.cpp in Sources */,
				3652DF9F1C5399E5656FA330 /* ptr.cpp in Sources */,
				3652D4664338D11210720DBA /* creator.cpp in Sources */,
				3652DAD93097B5B2EA6FA6A0 /* root_factory.cpp in Sources */,
				3652D635B99DB33CD9791860 /* fndefine.cpp in Sources */,
				90A2CF24F05180FDA24B6AC4 /* fnminus.cpp in Sources */,
				3652DFCC9C4A983DB1E43A4B /* bool.cpp in Sources */,
				3652D7B65F7113D097623637 /* identifier.cpp in Sources */,
				3652D4BA1A465782B2866FD4 /* fnlist.cpp in Sources */,
				3652DCD945DB8B8CE00E494B /* fnlambda.cpp in Sources */,
				3652D43E2B7D4D1DCCAE8ECF /* fndynamic.cpp in Sources */,
				3652D50FEB7443B181528205 /* fneval.cpp in Sources */,
				3652D593D74446D6308337E1 /* fncar.cpp in Sources */,
				3652D15CDEDDF1182BBBB7C7 /* fncdr.cpp in Sources */,
				3652D2D0B93472BC01F5F85A /* fncond.cpp in Sources */,
				3652D77A1B29117193D775F9 /* fnequal.cpp in Sources */,
				3652D4999E241DFDDC19C225 /* fnquote.cpp in Sources */,
				3652D3F53DA96A9A258E6A56 /* fnimport.cpp in Sources */,
				3652D9471A4A1B0146FDB361 /* fndo.cpp in Sources */,
				3652DCBA529217912A8E04CC /* error.cpp in Sources */,
				3652D0DFB4D59D5AA2ADF0DC /* fnerror.cpp in Sources */,
				3652DE0744FB1EF871726CDC /* fntimes.cpp in Sources */,
				3652D51D6CFFEB7764A54182 /* fnprint.cpp in Sources */,
				3652DF49C3C7944498418A6C /* fnbool.cpp in Sources */,
				3652D718E60D18A8164629BC /* fnstrprint.cpp in Sources */,
				3652DE93788E64A77CFFAE3C /* listable.cpp in Sources */,
				3652DCB2946FE5A6ADE8D7C8 /* decider.cpp in Sources */,
				3652D790B1ED8394337A6E50 /* fnpair.cpp in Sources */,
			);
			runOnlyForDeploymentPostprocessing = 0;
		};
		7058956A1B1C9CF90035ED69 /* Sources */ = {
			isa = PBXSourcesBuildPhase;
			buildActionMask = 2147483647;
			files = (
				705895761B1C9E8A0035ED69 /* fractional.cpp in Sources */,
				24D82F6D1B23623100A8A86C /* t_parser.cpp in Sources */,
				24D82F6E1B236D9A00A8A86C /* collector.cpp in Sources */,
				705895861B1CB8180035ED69 /* t_number.cpp in Sources */,
				24D82F661B2351A000A8A86C /* t_pair.cpp in Sources */,
				24D82F671B2351B000A8A86C /* pair.cpp in Sources */,
				24D82F6B1B2360AA00A8A86C /* parser.cpp in Sources */,
				24D82F641B23500100A8A86C /* string.cpp in Sources */,
				705895881B1CB8530035ED69 /* number.cpp in Sources */,
				705895871B1CB84E0035ED69 /* element.cpp in Sources */,
				24D82F771B23850900A8A86C /* t_dictionary.cpp in Sources */,
				24D82F701B237A7D00A8A86C /* t_collector.cpp in Sources */,
				705895791B1C9E990035ED69 /* t_fractional.cpp in Sources */,
				24D82F631B234FDC00A8A86C /* t_string.cpp in Sources */,
				24D82F741B2380AC00A8A86C /* dictionary.cpp in Sources */,
				705895711B1C9CF90035ED69 /* main.cpp in Sources */,
				3652D2FE0CDE61E70BEC1BB1 /* function.cpp in Sources */,
				3652D94F770D0D4199954D08 /* t_function.cpp in Sources */,
				3652DC6C9644BAEF90907BDD /* fnplus.cpp in Sources */,
				3652D68ED42C4FE6FAF9AA27 /* t_fnplus.cpp in Sources */,
				3652D6326A249DBBE33DE207 /* state.cpp in Sources */,
				3652D5774146A4F06A82B4CE /* ptr.cpp in Sources */,
				3652D33F609DD44A9703ECCE /* creator.cpp in Sources */,
				3652DCD082F02B07B54C3CC6 /* t_creator.cpp in Sources */,
				3652D32B0E9298A26E7D3F60 /* root_factory.cpp in Sources */,
				3652D74704D028D31B9CF653 /* t_root_factory.cpp in Sources */,
				3652DE5CF3BEC0F907595503 /* fndefine.cpp in Sources */,
				90A2CA6ABB975696E973589C /* fnminus.cpp in Sources */,
				90A2CA18D513CD35E6C0E45F /* t_fnminus.cpp in Sources */,
				90A2CD5937A81ADBC641F3E5 /* t_fndefine.cpp in Sources */,
				3652D9620C3AD699E48AF46E /* bool.cpp in Sources */,
				3652DB68E5AD88DE9C6FFF14 /* identifier.cpp in Sources */,
				3652DF8A5F7009FCC9AB1706 /* t_bool.cpp in Sources */,
				3652D23BD9C5479CFCF35ED9 /* fnlist.cpp in Sources */,
				3652D383FFA154FAA8148CDF /* t_fnlist.cpp in Sources */,
				3652D4D2F13C7D62CDA31E92 /* fnlambda.cpp in Sources */,
				3652D30508B86782F3798153 /* fndynamic.cpp in Sources */,
				3652D6E5C3B3AFA154F87255 /* fneval.cpp in Sources */,
				3652D0D076C2B6059C894C08 /* fncar.cpp in Sources */,
				3652D0BB0B193D7FFEFEFB72 /* t_fncar.cpp in Sources */,
				3652DB85D36ACD3EC3B90D8B /* fncdr.cpp in Sources */,
				3652DF1ED6F31C4C40CBC848 /* t_fncdr.cpp in Sources */,
				3652DD983E6A7C7CFB8F0C07 /* fncond.cpp in Sources */,
				3652D43C67835998918CD6F3 /* t_fncond.cpp in Sources */,
				3652D8ADB82864DBDC137FE3 /* fnequal.cpp in Sources */,
				3652D92751CA0D8FA4273B68 /* t_fnequal.cpp in Sources */,
				3652DB03364FD79F8A20DDF7 /* fnquote.cpp in Sources */,
				3652D130223376DB32393D30 /* t_fnquote.cpp in Sources */,
				3652DEC2D523519E2510A196 /* fnimport.cpp in Sources */,
				3652D6E1F34B55F91DA07BF9 /* fndo.cpp in Sources */,
				3652DFC5DBC0960B0C5197D6 /* error.cpp in Sources */,
				3652D51FB106E32A69860ED0 /* t_error.cpp in Sources */,
				3652DFBE23F09E3647F7A25E /* fnerror.cpp in Sources */,
				3652D690DFBE026E5FB9773D /* t_fnerror.cpp in Sources */,
				3652DD9D48C4697D13CA9C63 /* fntimes.cpp in Sources */,
				3652D0C00C3DD9AD2FC5668A /* t_fntimes.cpp in Sources */,
				3652D7AC57E91FD86F49F8E3 /* fnprint.cpp in Sources */,
				3652D1AB81B57AE3DDD8572C /* t_fnlambda.cpp in Sources */,
				3652D1E601EA127795CD170F /* t_fnimport.cpp in Sources */,
				3652D1E7E9A78CC5ED3BE824 /* fnbool.cpp in Sources */,
				3652DD9C1A8F58CD5F4ACAE1 /* t_fnbool.cpp in Sources */,
				3652D4B847E3FCA35F87BE29 /* fnstrprint.cpp in Sources */,
				3652D96BA776B75E0A873736 /* t_fnstrprint.cpp in Sources */,
				3652D5450DE90ADC5E69FCD9 /* listable.cpp in Sources */,
				3652D4787436B83F1B6D556A /* decider.cpp in Sources */,
				3652D2464F770CC85126C148 /* fnpair.cpp in Sources */,
				3652D36B22B5964AFCA31A12 /* t_identifier.cpp in Sources */,
			);
			runOnlyForDeploymentPostprocessing = 0;
		};
/* End PBXSourcesBuildPhase section */

/* Begin XCBuildConfiguration section */
		7058954B1B1869200035ED69 /* Debug */ = {
			isa = XCBuildConfiguration;
			buildSettings = {
				ALWAYS_SEARCH_USER_PATHS = NO;
				CLANG_CXX_LANGUAGE_STANDARD = "compiler-default";
				CLANG_CXX_LIBRARY = "compiler-default";
				CLANG_ENABLE_MODULES = YES;
				CLANG_ENABLE_OBJC_ARC = YES;
				CLANG_WARN_BOOL_CONVERSION = YES;
				CLANG_WARN_CONSTANT_CONVERSION = YES;
				CLANG_WARN_DIRECT_OBJC_ISA_USAGE = YES_ERROR;
				CLANG_WARN_EMPTY_BODY = YES;
				CLANG_WARN_ENUM_CONVERSION = YES;
				CLANG_WARN_INT_CONVERSION = YES;
				CLANG_WARN_OBJC_ROOT_CLASS = YES_ERROR;
				CLANG_WARN_UNREACHABLE_CODE = YES;
				CLANG_WARN__DUPLICATE_METHOD_MATCH = YES;
				COPY_PHASE_STRIP = NO;
				DEBUG_INFORMATION_FORMAT = dwarf;
				ENABLE_STRICT_OBJC_MSGSEND = YES;
				GCC_C_LANGUAGE_STANDARD = gnu99;
				GCC_DYNAMIC_NO_PIC = NO;
				GCC_NO_COMMON_BLOCKS = YES;
				GCC_OPTIMIZATION_LEVEL = 0;
				GCC_PREPROCESSOR_DEFINITIONS = (
					"DEBUG=1",
					"$(inherited)",
				);
				GCC_SYMBOLS_PRIVATE_EXTERN = NO;
				GCC_WARN_64_TO_32_BIT_CONVERSION = YES;
				GCC_WARN_ABOUT_RETURN_TYPE = YES_ERROR;
				GCC_WARN_UNDECLARED_SELECTOR = YES;
				GCC_WARN_UNINITIALIZED_AUTOS = YES_AGGRESSIVE;
				GCC_WARN_UNUSED_FUNCTION = YES;
				GCC_WARN_UNUSED_VARIABLE = YES;
				MACOSX_DEPLOYMENT_TARGET = 10.10;
				MTL_ENABLE_DEBUG_INFO = YES;
				ONLY_ACTIVE_ARCH = YES;
				SDKROOT = macosx;
			};
			name = Debug;
		};
		7058954C1B1869200035ED69 /* Release */ = {
			isa = XCBuildConfiguration;
			buildSettings = {
				ALWAYS_SEARCH_USER_PATHS = NO;
				CLANG_CXX_LANGUAGE_STANDARD = "compiler-default";
				CLANG_CXX_LIBRARY = "compiler-default";
				CLANG_ENABLE_MODULES = YES;
				CLANG_ENABLE_OBJC_ARC = YES;
				CLANG_WARN_BOOL_CONVERSION = YES;
				CLANG_WARN_CONSTANT_CONVERSION = YES;
				CLANG_WARN_DIRECT_OBJC_ISA_USAGE = YES_ERROR;
				CLANG_WARN_EMPTY_BODY = YES;
				CLANG_WARN_ENUM_CONVERSION = YES;
				CLANG_WARN_INT_CONVERSION = YES;
				CLANG_WARN_OBJC_ROOT_CLASS = YES_ERROR;
				CLANG_WARN_UNREACHABLE_CODE = YES;
				CLANG_WARN__DUPLICATE_METHOD_MATCH = YES;
				COPY_PHASE_STRIP = NO;
				DEBUG_INFORMATION_FORMAT = "dwarf-with-dsym";
				ENABLE_NS_ASSERTIONS = NO;
				ENABLE_STRICT_OBJC_MSGSEND = YES;
				GCC_C_LANGUAGE_STANDARD = gnu99;
				GCC_NO_COMMON_BLOCKS = YES;
				GCC_WARN_64_TO_32_BIT_CONVERSION = YES;
				GCC_WARN_ABOUT_RETURN_TYPE = YES_ERROR;
				GCC_WARN_UNDECLARED_SELECTOR = YES;
				GCC_WARN_UNINITIALIZED_AUTOS = YES_AGGRESSIVE;
				GCC_WARN_UNUSED_FUNCTION = YES;
				GCC_WARN_UNUSED_VARIABLE = YES;
				MACOSX_DEPLOYMENT_TARGET = 10.10;
				MTL_ENABLE_DEBUG_INFO = NO;
				SDKROOT = macosx;
			};
			name = Release;
		};
		7058954E1B1869200035ED69 /* Debug */ = {
			isa = XCBuildConfiguration;
			buildSettings = {
				PRODUCT_NAME = "$(TARGET_NAME)";
			};
			name = Debug;
		};
		7058954F1B1869200035ED69 /* Release */ = {
			isa = XCBuildConfiguration;
			buildSettings = {
				PRODUCT_NAME = "$(TARGET_NAME)";
			};
			name = Release;
		};
		705895731B1C9CF90035ED69 /* Debug */ = {
			isa = XCBuildConfiguration;
			buildSettings = {
				FRAMEWORK_SEARCH_PATHS = (
					"$(inherited)",
					"$(LOCAL_LIBRARY_DIR)/Frameworks",
				);
				GCC_PREPROCESSOR_DEFINITIONS = (
					"DEBUG=1",
					"$(inherited)",
				);
				PRODUCT_NAME = "$(TARGET_NAME)";
			};
			name = Debug;
		};
		705895741B1C9CF90035ED69 /* Release */ = {
			isa = XCBuildConfiguration;
			buildSettings = {
				FRAMEWORK_SEARCH_PATHS = (
					"$(inherited)",
					"$(LOCAL_LIBRARY_DIR)/Frameworks",
				);
				PRODUCT_NAME = "$(TARGET_NAME)";
			};
			name = Release;
		};
/* End XCBuildConfiguration section */

/* Begin XCConfigurationList section */
		705895411B1869200035ED69 /* Build configuration list for PBXProject "myLisp" */ = {
			isa = XCConfigurationList;
			buildConfigurations = (
				7058954B1B1869200035ED69 /* Debug */,
				7058954C1B1869200035ED69 /* Release */,
			);
			defaultConfigurationIsVisible = 0;
			defaultConfigurationName = Release;
		};
		7058954D1B1869200035ED69 /* Build configuration list for PBXNativeTarget "myLisp" */ = {
			isa = XCConfigurationList;
			buildConfigurations = (
				7058954E1B1869200035ED69 /* Debug */,
				7058954F1B1869200035ED69 /* Release */,
			);
			defaultConfigurationIsVisible = 0;
			defaultConfigurationName = Release;
		};
		705895721B1C9CF90035ED69 /* Build configuration list for PBXNativeTarget "testLisp" */ = {
			isa = XCConfigurationList;
			buildConfigurations = (
				705895731B1C9CF90035ED69 /* Debug */,
				705895741B1C9CF90035ED69 /* Release */,
			);
			defaultConfigurationIsVisible = 0;
			defaultConfigurationName = Release;
		};
/* End XCConfigurationList section */
	};
	rootObject = 7058953E1B1869200035ED69 /* Project object */;
}
