// !$*UTF8*$!
{
	archiveVersion = 1;
	classes = {
	};
	objectVersion = 46;
	objects = {

/* Begin PBXBuildFile section */
		24D82F631B234FDC00A8A86C /* t_string.cpp in Sources */ = {isa = PBXBuildFile; fileRef = 24D82F621B234FDC00A8A86C /* t_string.cpp */; };
		24D82F641B23500100A8A86C /* string.cpp in Sources */ = {isa = PBXBuildFile; fileRef = 705895601B18BA5D0035ED69 /* string.cpp */; };
		24D82F661B2351A000A8A86C /* t_pair.cpp in Sources */ = {isa = PBXBuildFile; fileRef = 24D82F651B2351A000A8A86C /* t_pair.cpp */; };
		24D82F671B2351B000A8A86C /* pair.cpp in Sources */ = {isa = PBXBuildFile; fileRef = 705895501B18697C0035ED69 /* pair.cpp */; };
		7058954A1B1869200035ED69 /* main.cpp in Sources */ = {isa = PBXBuildFile; fileRef = 705895491B1869200035ED69 /* main.cpp */; };
		705895521B18697C0035ED69 /* pair.cpp in Sources */ = {isa = PBXBuildFile; fileRef = 705895501B18697C0035ED69 /* pair.cpp */; };
		705895551B186A3E0035ED69 /* element.cpp in Sources */ = {isa = PBXBuildFile; fileRef = 705895531B186A3E0035ED69 /* element.cpp */; };
		705895581B186D380035ED69 /* collector.cpp in Sources */ = {isa = PBXBuildFile; fileRef = 705895561B186D380035ED69 /* collector.cpp */; };
		705895621B18BA5D0035ED69 /* string.cpp in Sources */ = {isa = PBXBuildFile; fileRef = 705895601B18BA5D0035ED69 /* string.cpp */; };
		705895651B18BFCE0035ED69 /* number.cpp in Sources */ = {isa = PBXBuildFile; fileRef = 705895631B18BFCE0035ED69 /* number.cpp */; };
		705895681B18C27B0035ED69 /* fractional.cpp in Sources */ = {isa = PBXBuildFile; fileRef = 705895661B18C27B0035ED69 /* fractional.cpp */; };
		705895711B1C9CF90035ED69 /* main.cpp in Sources */ = {isa = PBXBuildFile; fileRef = 705895701B1C9CF90035ED69 /* main.cpp */; };
		705895761B1C9E8A0035ED69 /* fractional.cpp in Sources */ = {isa = PBXBuildFile; fileRef = 705895661B18C27B0035ED69 /* fractional.cpp */; };
		705895791B1C9E990035ED69 /* t_fractional.cpp in Sources */ = {isa = PBXBuildFile; fileRef = 705895771B1C9E990035ED69 /* t_fractional.cpp */; };
		705895861B1CB8180035ED69 /* t_number.cpp in Sources */ = {isa = PBXBuildFile; fileRef = 705895841B1CB8180035ED69 /* t_number.cpp */; };
		705895871B1CB84E0035ED69 /* element.cpp in Sources */ = {isa = PBXBuildFile; fileRef = 705895531B186A3E0035ED69 /* element.cpp */; };
		705895881B1CB8530035ED69 /* number.cpp in Sources */ = {isa = PBXBuildFile; fileRef = 705895631B18BFCE0035ED69 /* number.cpp */; };
/* End PBXBuildFile section */

/* Begin PBXCopyFilesBuildPhase section */
		705895441B1869200035ED69 /* CopyFiles */ = {
			isa = PBXCopyFilesBuildPhase;
			buildActionMask = 2147483647;
			dstPath = /usr/share/man/man1/;
			dstSubfolderSpec = 0;
			files = (
			);
			runOnlyForDeploymentPostprocessing = 1;
		};
		7058956C1B1C9CF90035ED69 /* CopyFiles */ = {
			isa = PBXCopyFilesBuildPhase;
			buildActionMask = 2147483647;
			dstPath = /usr/share/man/man1/;
			dstSubfolderSpec = 0;
			files = (
			);
			runOnlyForDeploymentPostprocessing = 1;
		};
/* End PBXCopyFilesBuildPhase section */

/* Begin PBXFileReference section */
		24D82F5D1B22D81700A8A86C /* update_tests.rb */ = {isa = PBXFileReference; lastKnownFileType = text.script.ruby; path = update_tests.rb; sourceTree = "<group>"; };
		24D82F601B233FFE00A8A86C /* t_test.h */ = {isa = PBXFileReference; fileEncoding = 4; lastKnownFileType = sourcecode.c.h; path = t_test.h; sourceTree = "<group>"; };
		24D82F621B234FDC00A8A86C /* t_string.cpp */ = {isa = PBXFileReference; fileEncoding = 4; lastKnownFileType = sourcecode.cpp.cpp; path = t_string.cpp; sourceTree = "<group>"; };
		24D82F651B2351A000A8A86C /* t_pair.cpp */ = {isa = PBXFileReference; fileEncoding = 4; lastKnownFileType = sourcecode.cpp.cpp; path = t_pair.cpp; sourceTree = "<group>"; };
		705895461B1869200035ED69 /* myLisp */ = {isa = PBXFileReference; explicitFileType = "compiled.mach-o.executable"; includeInIndex = 0; path = myLisp; sourceTree = BUILT_PRODUCTS_DIR; };
		705895491B1869200035ED69 /* main.cpp */ = {isa = PBXFileReference; lastKnownFileType = sourcecode.cpp.cpp; path = main.cpp; sourceTree = "<group>"; };
		705895501B18697C0035ED69 /* pair.cpp */ = {isa = PBXFileReference; fileEncoding = 4; lastKnownFileType = sourcecode.cpp.cpp; path = pair.cpp; sourceTree = "<group>"; };
		705895511B18697C0035ED69 /* pair.h */ = {isa = PBXFileReference; fileEncoding = 4; lastKnownFileType = sourcecode.c.h; path = pair.h; sourceTree = "<group>"; };
		705895531B186A3E0035ED69 /* element.cpp */ = {isa = PBXFileReference; fileEncoding = 4; lastKnownFileType = sourcecode.cpp.cpp; path = element.cpp; sourceTree = "<group>"; };
		705895541B186A3E0035ED69 /* element.h */ = {isa = PBXFileReference; fileEncoding = 4; lastKnownFileType = sourcecode.c.h; path = element.h; sourceTree = "<group>"; };
		705895561B186D380035ED69 /* collector.cpp */ = {isa = PBXFileReference; fileEncoding = 4; lastKnownFileType = sourcecode.cpp.cpp; path = collector.cpp; sourceTree = "<group>"; };
		705895571B186D380035ED69 /* collector.h */ = {isa = PBXFileReference; fileEncoding = 4; lastKnownFileType = sourcecode.c.h; path = collector.h; sourceTree = "<group>"; };
		705895601B18BA5D0035ED69 /* string.cpp */ = {isa = PBXFileReference; fileEncoding = 4; lastKnownFileType = sourcecode.cpp.cpp; path = string.cpp; sourceTree = "<group>"; };
		705895611B18BA5D0035ED69 /* string.h */ = {isa = PBXFileReference; fileEncoding = 4; lastKnownFileType = sourcecode.c.h; path = string.h; sourceTree = "<group>"; };
		705895631B18BFCE0035ED69 /* number.cpp */ = {isa = PBXFileReference; fileEncoding = 4; lastKnownFileType = sourcecode.cpp.cpp; path = number.cpp; sourceTree = "<group>"; };
		705895641B18BFCE0035ED69 /* number.h */ = {isa = PBXFileReference; fileEncoding = 4; lastKnownFileType = sourcecode.c.h; path = number.h; sourceTree = "<group>"; };
		705895661B18C27B0035ED69 /* fractional.cpp */ = {isa = PBXFileReference; fileEncoding = 4; lastKnownFileType = sourcecode.cpp.cpp; path = fractional.cpp; sourceTree = "<group>"; };
		705895671B18C27B0035ED69 /* fractional.h */ = {isa = PBXFileReference; fileEncoding = 4; lastKnownFileType = sourcecode.c.h; path = fractional.h; sourceTree = "<group>"; };
		7058956E1B1C9CF90035ED69 /* testLisp */ = {isa = PBXFileReference; explicitFileType = "compiled.mach-o.executable"; includeInIndex = 0; path = testLisp; sourceTree = BUILT_PRODUCTS_DIR; };
		705895701B1C9CF90035ED69 /* main.cpp */ = {isa = PBXFileReference; lastKnownFileType = sourcecode.cpp.cpp; path = main.cpp; sourceTree = "<group>"; };
		705895771B1C9E990035ED69 /* t_fractional.cpp */ = {isa = PBXFileReference; fileEncoding = 4; lastKnownFileType = sourcecode.cpp.cpp; path = t_fractional.cpp; sourceTree = "<group>"; };
		7058957B1B1CA07E0035ED69 /* t_template.cpp */ = {isa = PBXFileReference; lastKnownFileType = sourcecode.cpp.cpp; path = t_template.cpp; sourceTree = "<group>"; };
		705895841B1CB8180035ED69 /* t_number.cpp */ = {isa = PBXFileReference; fileEncoding = 4; lastKnownFileType = sourcecode.cpp.cpp; path = t_number.cpp; sourceTree = "<group>"; };
		7058958A1B1CB8AE0035ED69 /* t_helper.h */ = {isa = PBXFileReference; fileEncoding = 4; lastKnownFileType = sourcecode.c.h; path = t_helper.h; sourceTree = "<group>"; };
/* End PBXFileReference section */

/* Begin PBXFrameworksBuildPhase section */
		705895431B1869200035ED69 /* Frameworks */ = {
			isa = PBXFrameworksBuildPhase;
			buildActionMask = 2147483647;
			files = (
			);
			runOnlyForDeploymentPostprocessing = 0;
		};
		7058956B1B1C9CF90035ED69 /* Frameworks */ = {
			isa = PBXFrameworksBuildPhase;
			buildActionMask = 2147483647;
			files = (
			);
			runOnlyForDeploymentPostprocessing = 0;
		};
/* End PBXFrameworksBuildPhase section */

/* Begin PBXGroup section */
		7058953D1B1869200035ED69 = {
			isa = PBXGroup;
			children = (
				24D82F5D1B22D81700A8A86C /* update_tests.rb */,
				705895481B1869200035ED69 /* myLisp */,
				7058956F1B1C9CF90035ED69 /* testLisp */,
				705895471B1869200035ED69 /* Products */,
			);
			sourceTree = "<group>";
		};
		705895471B1869200035ED69 /* Products */ = {
			isa = PBXGroup;
			children = (
				705895461B1869200035ED69 /* myLisp */,
				7058956E1B1C9CF90035ED69 /* testLisp */,
			);
			name = Products;
			sourceTree = "<group>";
		};
		705895481B1869200035ED69 /* myLisp */ = {
			isa = PBXGroup;
			children = (
				705895491B1869200035ED69 /* main.cpp */,
				705895501B18697C0035ED69 /* pair.cpp */,
				705895511B18697C0035ED69 /* pair.h */,
				705895531B186A3E0035ED69 /* element.cpp */,
				705895541B186A3E0035ED69 /* element.h */,
				705895561B186D380035ED69 /* collector.cpp */,
				705895571B186D380035ED69 /* collector.h */,
				705895601B18BA5D0035ED69 /* string.cpp */,
				705895611B18BA5D0035ED69 /* string.h */,
				705895631B18BFCE0035ED69 /* number.cpp */,
				705895641B18BFCE0035ED69 /* number.h */,
				705895661B18C27B0035ED69 /* fractional.cpp */,
				705895671B18C27B0035ED69 /* fractional.h */,
			);
			path = myLisp;
			sourceTree = "<group>";
		};
		7058956F1B1C9CF90035ED69 /* testLisp */ = {
			isa = PBXGroup;
			children = (
				24D82F651B2351A000A8A86C /* t_pair.cpp */,
				24D82F621B234FDC00A8A86C /* t_string.cpp */,
				705895841B1CB8180035ED69 /* t_number.cpp */,
				705895701B1C9CF90035ED69 /* main.cpp */,
				705895771B1C9E990035ED69 /* t_fractional.cpp */,
				7058957B1B1CA07E0035ED69 /* t_template.cpp */,
				7058958A1B1CB8AE0035ED69 /* t_helper.h */,
				24D82F601B233FFE00A8A86C /* t_test.h */,
			);
			path = testLisp;
			sourceTree = "<group>";
		};
/* End PBXGroup section */

/* Begin PBXNativeTarget section */
		705895451B1869200035ED69 /* myLisp */ = {
			isa = PBXNativeTarget;
			buildConfigurationList = 7058954D1B1869200035ED69 /* Build configuration list for PBXNativeTarget "myLisp" */;
			buildPhases = (
				705895421B1869200035ED69 /* Sources */,
				705895431B1869200035ED69 /* Frameworks */,
				705895441B1869200035ED69 /* CopyFiles */,
			);
			buildRules = (
			);
			dependencies = (
			);
			name = myLisp;
			productName = myLisp;
			productReference = 705895461B1869200035ED69 /* myLisp */;
			productType = "com.apple.product-type.tool";
		};
		7058956D1B1C9CF90035ED69 /* testLisp */ = {
			isa = PBXNativeTarget;
			buildConfigurationList = 705895721B1C9CF90035ED69 /* Build configuration list for PBXNativeTarget "testLisp" */;
			buildPhases = (
				24D82F5E1B22D84000A8A86C /* ShellScript */,
				7058956A1B1C9CF90035ED69 /* Sources */,
				7058956B1B1C9CF90035ED69 /* Frameworks */,
				7058956C1B1C9CF90035ED69 /* CopyFiles */,
			);
			buildRules = (
			);
			dependencies = (
			);
			name = testLisp;
			productName = testLisp;
			productReference = 7058956E1B1C9CF90035ED69 /* testLisp */;
			productType = "com.apple.product-type.tool";
		};
/* End PBXNativeTarget section */

/* Begin PBXProject section */
		7058953E1B1869200035ED69 /* Project object */ = {
			isa = PBXProject;
			attributes = {
				LastUpgradeCheck = 0630;
				ORGANIZATIONNAME = "Timm Knape Softwaretechnik (http://www.kna-st.de)";
				TargetAttributes = {
					705895451B1869200035ED69 = {
						CreatedOnToolsVersion = 6.3.2;
					};
					7058956D1B1C9CF90035ED69 = {
						CreatedOnToolsVersion = 6.3.2;
					};
				};
			};
			buildConfigurationList = 705895411B1869200035ED69 /* Build configuration list for PBXProject "myLisp" */;
			compatibilityVersion = "Xcode 3.2";
			developmentRegion = English;
			hasScannedForEncodings = 0;
			knownRegions = (
				en,
			);
			mainGroup = 7058953D1B1869200035ED69;
			productRefGroup = 705895471B1869200035ED69 /* Products */;
			projectDirPath = "";
			projectRoot = "";
			targets = (
				705895451B1869200035ED69 /* myLisp */,
				7058956D1B1C9CF90035ED69 /* testLisp */,
			);
		};
/* End PBXProject section */

/* Begin PBXShellScriptBuildPhase section */
		24D82F5E1B22D84000A8A86C /* ShellScript */ = {
			isa = PBXShellScriptBuildPhase;
			buildActionMask = 2147483647;
			files = (
			);
			inputPaths = (
			);
			outputPaths = (
			);
			runOnlyForDeploymentPostprocessing = 0;
			shellPath = /bin/sh;
			shellScript = ./update_tests.rb;
			showEnvVarsInLog = 0;
		};
/* End PBXShellScriptBuildPhase section */

/* Begin PBXSourcesBuildPhase section */
		705895421B1869200035ED69 /* Sources */ = {
			isa = PBXSourcesBuildPhase;
			buildActionMask = 2147483647;
			files = (
				7058954A1B1869200035ED69 /* main.cpp in Sources */,
				705895581B186D380035ED69 /* collector.cpp in Sources */,
				705895651B18BFCE0035ED69 /* number.cpp in Sources */,
				705895551B186A3E0035ED69 /* element.cpp in Sources */,
				705895621B18BA5D0035ED69 /* string.cpp in Sources */,
				705895681B18C27B0035ED69 /* fractional.cpp in Sources */,
				705895521B18697C0035ED69 /* pair.cpp in Sources */,
			);
			runOnlyForDeploymentPostprocessing = 0;
		};
		7058956A1B1C9CF90035ED69 /* Sources */ = {
			isa = PBXSourcesBuildPhase;
			buildActionMask = 2147483647;
			files = (
				705895761B1C9E8A0035ED69 /* fractional.cpp in Sources */,
				705895861B1CB8180035ED69 /* t_number.cpp in Sources */,
				24D82F661B2351A000A8A86C /* t_pair.cpp in Sources */,
				24D82F671B2351B000A8A86C /* pair.cpp in Sources */,
				24D82F641B23500100A8A86C /* string.cpp in Sources */,
				705895881B1CB8530035ED69 /* number.cpp in Sources */,
				705895871B1CB84E0035ED69 /* element.cpp in Sources */,
				705895791B1C9E990035ED69 /* t_fractional.cpp in Sources */,
				24D82F631B234FDC00A8A86C /* t_string.cpp in Sources */,
				705895711B1C9CF90035ED69 /* main.cpp in Sources */,
			);
			runOnlyForDeploymentPostprocessing = 0;
		};
/* End PBXSourcesBuildPhase section */

/* Begin XCBuildConfiguration section */
		7058954B1B1869200035ED69 /* Debug */ = {
			isa = XCBuildConfiguration;
			buildSettings = {
				ALWAYS_SEARCH_USER_PATHS = NO;
				CLANG_CXX_LANGUAGE_STANDARD = "compiler-default";
				CLANG_CXX_LIBRARY = "compiler-default";
				CLANG_ENABLE_MODULES = YES;
				CLANG_ENABLE_OBJC_ARC = YES;
				CLANG_WARN_BOOL_CONVERSION = YES;
				CLANG_WARN_CONSTANT_CONVERSION = YES;
				CLANG_WARN_DIRECT_OBJC_ISA_USAGE = YES_ERROR;
				CLANG_WARN_EMPTY_BODY = YES;
				CLANG_WARN_ENUM_CONVERSION = YES;
				CLANG_WARN_INT_CONVERSION = YES;
				CLANG_WARN_OBJC_ROOT_CLASS = YES_ERROR;
				CLANG_WARN_UNREACHABLE_CODE = YES;
				CLANG_WARN__DUPLICATE_METHOD_MATCH = YES;
				COPY_PHASE_STRIP = NO;
				DEBUG_INFORMATION_FORMAT = dwarf;
				ENABLE_STRICT_OBJC_MSGSEND = YES;
				GCC_C_LANGUAGE_STANDARD = gnu99;
				GCC_DYNAMIC_NO_PIC = NO;
				GCC_NO_COMMON_BLOCKS = YES;
				GCC_OPTIMIZATION_LEVEL = 0;
				GCC_PREPROCESSOR_DEFINITIONS = (
					"DEBUG=1",
					"$(inherited)",
				);
				GCC_SYMBOLS_PRIVATE_EXTERN = NO;
				GCC_WARN_64_TO_32_BIT_CONVERSION = YES;
				GCC_WARN_ABOUT_RETURN_TYPE = YES_ERROR;
				GCC_WARN_UNDECLARED_SELECTOR = YES;
				GCC_WARN_UNINITIALIZED_AUTOS = YES_AGGRESSIVE;
				GCC_WARN_UNUSED_FUNCTION = YES;
				GCC_WARN_UNUSED_VARIABLE = YES;
				MACOSX_DEPLOYMENT_TARGET = 10.10;
				MTL_ENABLE_DEBUG_INFO = YES;
				ONLY_ACTIVE_ARCH = YES;
				SDKROOT = macosx;
			};
			name = Debug;
		};
		7058954C1B1869200035ED69 /* Release */ = {
			isa = XCBuildConfiguration;
			buildSettings = {
				ALWAYS_SEARCH_USER_PATHS = NO;
				CLANG_CXX_LANGUAGE_STANDARD = "compiler-default";
				CLANG_CXX_LIBRARY = "compiler-default";
				CLANG_ENABLE_MODULES = YES;
				CLANG_ENABLE_OBJC_ARC = YES;
				CLANG_WARN_BOOL_CONVERSION = YES;
				CLANG_WARN_CONSTANT_CONVERSION = YES;
				CLANG_WARN_DIRECT_OBJC_ISA_USAGE = YES_ERROR;
				CLANG_WARN_EMPTY_BODY = YES;
				CLANG_WARN_ENUM_CONVERSION = YES;
				CLANG_WARN_INT_CONVERSION = YES;
				CLANG_WARN_OBJC_ROOT_CLASS = YES_ERROR;
				CLANG_WARN_UNREACHABLE_CODE = YES;
				CLANG_WARN__DUPLICATE_METHOD_MATCH = YES;
				COPY_PHASE_STRIP = NO;
				DEBUG_INFORMATION_FORMAT = "dwarf-with-dsym";
				ENABLE_NS_ASSERTIONS = NO;
				ENABLE_STRICT_OBJC_MSGSEND = YES;
				GCC_C_LANGUAGE_STANDARD = gnu99;
				GCC_NO_COMMON_BLOCKS = YES;
				GCC_WARN_64_TO_32_BIT_CONVERSION = YES;
				GCC_WARN_ABOUT_RETURN_TYPE = YES_ERROR;
				GCC_WARN_UNDECLARED_SELECTOR = YES;
				GCC_WARN_UNINITIALIZED_AUTOS = YES_AGGRESSIVE;
				GCC_WARN_UNUSED_FUNCTION = YES;
				GCC_WARN_UNUSED_VARIABLE = YES;
				MACOSX_DEPLOYMENT_TARGET = 10.10;
				MTL_ENABLE_DEBUG_INFO = NO;
				SDKROOT = macosx;
			};
			name = Release;
		};
		7058954E1B1869200035ED69 /* Debug */ = {
			isa = XCBuildConfiguration;
			buildSettings = {
				PRODUCT_NAME = "$(TARGET_NAME)";
			};
			name = Debug;
		};
		7058954F1B1869200035ED69 /* Release */ = {
			isa = XCBuildConfiguration;
			buildSettings = {
				PRODUCT_NAME = "$(TARGET_NAME)";
			};
			name = Release;
		};
		705895731B1C9CF90035ED69 /* Debug */ = {
			isa = XCBuildConfiguration;
			buildSettings = {
				FRAMEWORK_SEARCH_PATHS = (
					"$(inherited)",
					"$(LOCAL_LIBRARY_DIR)/Frameworks",
				);
				GCC_PREPROCESSOR_DEFINITIONS = (
					"DEBUG=1",
					"$(inherited)",
				);
				PRODUCT_NAME = "$(TARGET_NAME)";
			};
			name = Debug;
		};
		705895741B1C9CF90035ED69 /* Release */ = {
			isa = XCBuildConfiguration;
			buildSettings = {
				FRAMEWORK_SEARCH_PATHS = (
					"$(inherited)",
					"$(LOCAL_LIBRARY_DIR)/Frameworks",
				);
				PRODUCT_NAME = "$(TARGET_NAME)";
			};
			name = Release;
		};
/* End XCBuildConfiguration section */

/* Begin XCConfigurationList section */
		705895411B1869200035ED69 /* Build configuration list for PBXProject "myLisp" */ = {
			isa = XCConfigurationList;
			buildConfigurations = (
				7058954B1B1869200035ED69 /* Debug */,
				7058954C1B1869200035ED69 /* Release */,
			);
			defaultConfigurationIsVisible = 0;
			defaultConfigurationName = Release;
		};
		7058954D1B1869200035ED69 /* Build configuration list for PBXNativeTarget "myLisp" */ = {
			isa = XCConfigurationList;
			buildConfigurations = (
				7058954E1B1869200035ED69 /* Debug */,
				7058954F1B1869200035ED69 /* Release */,
			);
			defaultConfigurationIsVisible = 0;
			defaultConfigurationName = Release;
		};
		705895721B1C9CF90035ED69 /* Build configuration list for PBXNativeTarget "testLisp" */ = {
			isa = XCConfigurationList;
			buildConfigurations = (
				705895731B1C9CF90035ED69 /* Debug */,
				705895741B1C9CF90035ED69 /* Release */,
			);
			defaultConfigurationIsVisible = 0;
			defaultConfigurationName = Release;
		};
/* End XCConfigurationList section */
	};
	rootObject = 7058953E1B1869200035ED69 /* Project object */;
}
