// !$*UTF8*$!
{
	archiveVersion = 1;
	classes = {
	};
	objectVersion = 46;
	objects = {

/* Begin PBXBuildFile section */
		24A612961B36C90C00A2CB04 /* system.lsp in CopyFiles */ = {isa = PBXBuildFile; fileRef = 3652D57C6E43E83D06D786FD /* system.lsp */; };
		24A612971B3C842400A2CB04 /* turing.lsp in CopyFiles */ = {isa = PBXBuildFile; fileRef = 3652D043BE23F9D1844A2CDC /* turing.lsp */; };
		24D30F811B64E61A00B837FC /* tests.lsp in CopyFiles */ = {isa = PBXBuildFile; fileRef = 24D30F571B64E5AB00B837FC /* tests.lsp */; };
		24D30F831B6505FE00B837FC /* sicp-tests.lsp in CopyFiles */ = {isa = PBXBuildFile; fileRef = 24D30F821B6505B700B837FC /* sicp-tests.lsp */; };
		24D30F881B651E9D00B837FC /* simple.lsp in CopyFiles */ = {isa = PBXBuildFile; fileRef = 24D30F581B64E5F400B837FC /* simple.lsp */; };
		24D30F891B651E9D00B837FC /* t_binary_numeric.lsp in CopyFiles */ = {isa = PBXBuildFile; fileRef = 24D30F841B651E6300B837FC /* t_binary_numeric.lsp */; };
		24D30F8A1B651E9D00B837FC /* t_binary.lsp in CopyFiles */ = {isa = PBXBuildFile; fileRef = 24D30F301B64E5AB00B837FC /* t_binary.lsp */; };
		24D30F8B1B651E9D00B837FC /* t_bool.lsp in CopyFiles */ = {isa = PBXBuildFile; fileRef = 24D30F311B64E5AB00B837FC /* t_bool.lsp */; };
		24D30F8C1B651E9D00B837FC /* t_dictionary.lsp in CopyFiles */ = {isa = PBXBuildFile; fileRef = 24D30F851B651E6300B837FC /* t_dictionary.lsp */; };
		24D30F8D1B651E9D00B837FC /* t_error.lsp in CopyFiles */ = {isa = PBXBuildFile; fileRef = 24D30F321B64E5AB00B837FC /* t_error.lsp */; };
		24D30F8E1B651E9D00B837FC /* t_expander.lsp in CopyFiles */ = {isa = PBXBuildFile; fileRef = 24D30F331B64E5AB00B837FC /* t_expander.lsp */; };
		24D30F8F1B651E9D00B837FC /* t_fnand.lsp in CopyFiles */ = {isa = PBXBuildFile; fileRef = 24D30F341B64E5AB00B837FC /* t_fnand.lsp */; };
		24D30F901B651E9D00B837FC /* t_fnapply.lsp in CopyFiles */ = {isa = PBXBuildFile; fileRef = 24D30F351B64E5AB00B837FC /* t_fnapply.lsp */; };
		24D30F911B651E9D00B837FC /* t_fnboolq.lsp in CopyFiles */ = {isa = PBXBuildFile; fileRef = 24D30F361B64E5AB00B837FC /* t_fnboolq.lsp */; };
		24D30F921B651E9D00B837FC /* t_fncar.lsp in CopyFiles */ = {isa = PBXBuildFile; fileRef = 24D30F371B64E5AB00B837FC /* t_fncar.lsp */; };
		24D30F931B651E9D00B837FC /* t_fncdr.lsp in CopyFiles */ = {isa = PBXBuildFile; fileRef = 24D30F381B64E5AB00B837FC /* t_fncdr.lsp */; };
		24D30F941B651E9D00B837FC /* t_fncond.lsp in CopyFiles */ = {isa = PBXBuildFile; fileRef = 24D30F391B64E5AB00B837FC /* t_fncond.lsp */; };
		24D30F951B651E9D00B837FC /* t_fndefine.lsp in CopyFiles */ = {isa = PBXBuildFile; fileRef = 24D30F3A1B64E5AB00B837FC /* t_fndefine.lsp */; };
		24D30F961B651E9D00B837FC /* t_fndenominator.lsp in CopyFiles */ = {isa = PBXBuildFile; fileRef = 24D30F3B1B64E5AB00B837FC /* t_fndenominator.lsp */; };
		24D30F971B651E9D00B837FC /* t_fndict.lsp in CopyFiles */ = {isa = PBXBuildFile; fileRef = 24D30F3C1B64E5AB00B837FC /* t_fndict.lsp */; };
		24D30F981B651E9D00B837FC /* t_fndynamic.lsp in CopyFiles */ = {isa = PBXBuildFile; fileRef = 24D30F861B651E6300B837FC /* t_fndynamic.lsp */; };
		24D30F991B651E9D00B837FC /* t_fnequal.lsp in CopyFiles */ = {isa = PBXBuildFile; fileRef = 24D30F3D1B64E5AB00B837FC /* t_fnequal.lsp */; };
		24D30F9A1B651E9D00B837FC /* t_fnerror.lsp in CopyFiles */ = {isa = PBXBuildFile; fileRef = 24D30F3E1B64E5AB00B837FC /* t_fnerror.lsp */; };
		24D30F9B1B651E9D00B837FC /* t_fnexpand.lsp in CopyFiles */ = {isa = PBXBuildFile; fileRef = 24D30F3F1B64E5AB00B837FC /* t_fnexpand.lsp */; };
		24D30F9C1B651E9D00B837FC /* t_fngcd.lsp in CopyFiles */ = {isa = PBXBuildFile; fileRef = 24D30F401B64E5AB00B837FC /* t_fngcd.lsp */; };
		24D30F9D1B651E9D00B837FC /* t_fnimport.lsp in CopyFiles */ = {isa = PBXBuildFile; fileRef = 24D30F411B64E5AB00B837FC /* t_fnimport.lsp */; };
		24D30F9E1B651E9D00B837FC /* t_fnlambda.lsp in CopyFiles */ = {isa = PBXBuildFile; fileRef = 24D30F421B64E5AB00B837FC /* t_fnlambda.lsp */; };
		24D30F9F1B651E9D00B837FC /* t_fnlist.lsp in CopyFiles */ = {isa = PBXBuildFile; fileRef = 24D30F431B64E5AB00B837FC /* t_fnlist.lsp */; };
		24D30FA01B651E9D00B837FC /* t_fnminus.lsp in CopyFiles */ = {isa = PBXBuildFile; fileRef = 24D30F441B64E5AB00B837FC /* t_fnminus.lsp */; };
		24D30FA11B651E9D00B837FC /* t_fnnumerator.lsp in CopyFiles */ = {isa = PBXBuildFile; fileRef = 24D30F451B64E5AB00B837FC /* t_fnnumerator.lsp */; };
		24D30FA21B651E9D00B837FC /* t_fnplus.lsp in CopyFiles */ = {isa = PBXBuildFile; fileRef = 24D30F461B64E5AB00B837FC /* t_fnplus.lsp */; };
		24D30FA31B651E9D00B837FC /* t_fnquote.lsp in CopyFiles */ = {isa = PBXBuildFile; fileRef = 24D30F871B651E6300B837FC /* t_fnquote.lsp */; };
		24D30FA41B651E9D00B837FC /* t_fnremainder.lsp in CopyFiles */ = {isa = PBXBuildFile; fileRef = 24D30F471B64E5AB00B837FC /* t_fnremainder.lsp */; };
		24D30FA51B651E9D00B837FC /* t_fnstrprint.lsp in CopyFiles */ = {isa = PBXBuildFile; fileRef = 24D30F481B64E5AB00B837FC /* t_fnstrprint.lsp */; };
		24D30FA61B651E9D00B837FC /* t_fntimes.lsp in CopyFiles */ = {isa = PBXBuildFile; fileRef = 24D30F491B64E5AB00B837FC /* t_fntimes.lsp */; };
		24D30FA71B651E9D00B837FC /* t_fractional.lsp in CopyFiles */ = {isa = PBXBuildFile; fileRef = 24D30F4A1B64E5AB00B837FC /* t_fractional.lsp */; };
		24D30FA81B651E9D00B837FC /* t_function.lsp in CopyFiles */ = {isa = PBXBuildFile; fileRef = 24D30F4B1B64E5AB00B837FC /* t_function.lsp */; };
		24D30FA91B651E9D00B837FC /* t_identifier.lsp in CopyFiles */ = {isa = PBXBuildFile; fileRef = 24D30F4C1B64E5AB00B837FC /* t_identifier.lsp */; };
		24D30FAB1B651E9D00B837FC /* t_number.lsp in CopyFiles */ = {isa = PBXBuildFile; fileRef = 24D30F4E1B64E5AB00B837FC /* t_number.lsp */; };
		24D30FAC1B651E9D00B837FC /* t_pair.lsp in CopyFiles */ = {isa = PBXBuildFile; fileRef = 24D30F501B64E5AB00B837FC /* t_pair.lsp */; };
		24D30FAD1B651E9D00B837FC /* t_parser.lsp in CopyFiles */ = {isa = PBXBuildFile; fileRef = 24D30F511B64E5AB00B837FC /* t_parser.lsp */; };
		24D30FAE1B651E9D00B837FC /* t_root_factory.lsp in CopyFiles */ = {isa = PBXBuildFile; fileRef = 24D30F521B64E5AB00B837FC /* t_root_factory.lsp */; };
		24D30FAF1B651E9D00B837FC /* t_string.lsp in CopyFiles */ = {isa = PBXBuildFile; fileRef = 24D30F531B64E5AB00B837FC /* t_string.lsp */; };
		24D30FB01B651E9D00B837FC /* t_unary_numeric.lsp in CopyFiles */ = {isa = PBXBuildFile; fileRef = 24D30F551B64E5AB00B837FC /* t_unary_numeric.lsp */; };
		24D30FB11B651E9D00B837FC /* t_unary_pair.lsp in CopyFiles */ = {isa = PBXBuildFile; fileRef = 24D30F561B64E5AB00B837FC /* t_unary_pair.lsp */; };
		24D30FB21B651E9D00B837FC /* t_unary.lsp in CopyFiles */ = {isa = PBXBuildFile; fileRef = 24D30F541B64E5AB00B837FC /* t_unary.lsp */; };
		24D30FB41B6539E500B837FC /* t_binary_integer.lsp in CopyFiles */ = {isa = PBXBuildFile; fileRef = 24D30FB31B65399C00B837FC /* t_binary_integer.lsp */; };
		24D82F6A1B2360AA00A8A86C /* parser.cpp in Sources */ = {isa = PBXBuildFile; fileRef = 24D82F681B2360AA00A8A86C /* parser.cpp */; };
		24D82F731B2380AC00A8A86C /* dictionary.cpp in Sources */ = {isa = PBXBuildFile; fileRef = 24D82F711B2380AC00A8A86C /* dictionary.cpp */; };
		3652D0C373AF2EA1CC56FC7C /* fnidentifierq.cpp in Sources */ = {isa = PBXBuildFile; fileRef = 3652D6680AB16776E894D970 /* fnidentifierq.cpp */; };
		3652D0DFB4D59D5AA2ADF0DC /* fnerror.cpp in Sources */ = {isa = PBXBuildFile; fileRef = 3652D4621C653ACE05B629EC /* fnerror.cpp */; };
		3652D117901B5802444EE302 /* fnapply.cpp in Sources */ = {isa = PBXBuildFile; fileRef = 3652DD7FEC09CE942BE8F9B7 /* fnapply.cpp */; };
		3652D11E549F29CBAF7CCD74 /* fnand.cpp in Sources */ = {isa = PBXBuildFile; fileRef = 3652D802F307661C315CFE1F /* fnand.cpp */; };
		3652D15CDEDDF1182BBBB7C7 /* fncdr.cpp in Sources */ = {isa = PBXBuildFile; fileRef = 3652DD44E2B76BFA2DBE61B4 /* fncdr.cpp */; };
		3652D259E50387A55ED2AFB3 /* function.cpp in Sources */ = {isa = PBXBuildFile; fileRef = 3652D2D8A38CAC410F92CB4A /* function.cpp */; };
		3652D2D0B93472BC01F5F85A /* fncond.cpp in Sources */ = {isa = PBXBuildFile; fileRef = 3652D855CE00CBAD0ED7D726 /* fncond.cpp */; };
		3652D3F53DA96A9A258E6A56 /* fnimport.cpp in Sources */ = {isa = PBXBuildFile; fileRef = 3652D3F1C4DBF7D85E1DF212 /* fnimport.cpp */; };
		3652D40462B891982A884DF5 /* fnfunctionq.cpp in Sources */ = {isa = PBXBuildFile; fileRef = 3652D1BB7A0240D288ECE2F2 /* fnfunctionq.cpp */; };
		3652D43E2B7D4D1DCCAE8ECF /* fndynamic.cpp in Sources */ = {isa = PBXBuildFile; fileRef = 3652D5A62AC5A943C3284252 /* fndynamic.cpp */; };
		3652D4664338D11210720DBA /* creator.cpp in Sources */ = {isa = PBXBuildFile; fileRef = 3652DD16F5C5A639334AAA77 /* creator.cpp */; };
		3652D4999E241DFDDC19C225 /* fnquote.cpp in Sources */ = {isa = PBXBuildFile; fileRef = 3652D4507D93EF742DF218FF /* fnquote.cpp */; };
		3652D4AB785C3489E95ED475 /* fndenominator.cpp in Sources */ = {isa = PBXBuildFile; fileRef = 3652DE3F02AE0F355057D501 /* fndenominator.cpp */; };
		3652D4BA1A465782B2866FD4 /* fnlist.cpp in Sources */ = {isa = PBXBuildFile; fileRef = 3652DBF5B527AC48F4EE10CF /* fnlist.cpp */; };
		3652D50FEB7443B181528205 /* fneval.cpp in Sources */ = {isa = PBXBuildFile; fileRef = 3652D3E9463DE1941690F22A /* fneval.cpp */; };
		3652D51D1DABD09AA26D2BEB /* fnremainder.cpp in Sources */ = {isa = PBXBuildFile; fileRef = 3652DC4D66C8800DFDDEC98B /* fnremainder.cpp */; };
		3652D51D6CFFEB7764A54182 /* fnprint.cpp in Sources */ = {isa = PBXBuildFile; fileRef = 3652D426BB33BF06F277B0CC /* fnprint.cpp */; };
		3652D5314877F5CFD626C94D /* state.cpp in Sources */ = {isa = PBXBuildFile; fileRef = 3652D0FAA138CD1D5707DD09 /* state.cpp */; };
		3652D593D74446D6308337E1 /* fncar.cpp in Sources */ = {isa = PBXBuildFile; fileRef = 3652DFCFF265AB291FD41FFA /* fncar.cpp */; };
		3652D5E8DBBB4A3FCA9E1F58 /* fnerrorq.cpp in Sources */ = {isa = PBXBuildFile; fileRef = 3652D906A94A218AA953F686 /* fnerrorq.cpp */; };
		3652D635B99DB33CD9791860 /* fndefine.cpp in Sources */ = {isa = PBXBuildFile; fileRef = 3652D6530404676AA201C718 /* fndefine.cpp */; };
		3652D636CEE672BB4DCBC50C /* unary_pair.cpp in Sources */ = {isa = PBXBuildFile; fileRef = 3652DAC0B00E330CD638883E /* unary_pair.cpp */; };
		3652D6C5BAF14AE03D9E10FF /* fndictionaryq.cpp in Sources */ = {isa = PBXBuildFile; fileRef = 3652D67D5AE590F28673CC65 /* fndictionaryq.cpp */; };
		3652D718E60D18A8164629BC /* fnstrprint.cpp in Sources */ = {isa = PBXBuildFile; fileRef = 3652D1FF5CB7E2BC3B3A4A41 /* fnstrprint.cpp */; };
		3652D77A1B29117193D775F9 /* fnequal.cpp in Sources */ = {isa = PBXBuildFile; fileRef = 3652D618BD53F8049434D820 /* fnequal.cpp */; };
		3652D790B1ED8394337A6E50 /* fnpairq.cpp in Sources */ = {isa = PBXBuildFile; fileRef = 3652D896F361134E6FA12B67 /* fnpairq.cpp */; };
		3652D799724C40627BAEC11B /* binary.cpp in Sources */ = {isa = PBXBuildFile; fileRef = 3652D9A27259BD989CF41429 /* binary.cpp */; };
		3652D7B65F7113D097623637 /* identifier.cpp in Sources */ = {isa = PBXBuildFile; fileRef = 3652D36D323308242DCF6057 /* identifier.cpp */; };
		3652D7CD1E8419C0BDCDBA8E /* fndict.cpp in Sources */ = {isa = PBXBuildFile; fileRef = 3652D355E29E7976330AEC23 /* fndict.cpp */; };
		3652D8983EFDF92D6B811A97 /* expander.cpp in Sources */ = {isa = PBXBuildFile; fileRef = 3652D094B0AEF6A3C1E4C7AE /* expander.cpp */; };
		3652D9B8D9ADFADB7FC99B12 /* unary.cpp in Sources */ = {isa = PBXBuildFile; fileRef = 3652D09422057258F70D6E87 /* unary.cpp */; };
		3652DA104AD82394BDEC4D2E /* fnplus.cpp in Sources */ = {isa = PBXBuildFile; fileRef = 3652D8ED3BD34BD36E22C356 /* fnplus.cpp */; };
		3652DAD93097B5B2EA6FA6A0 /* root_factory.cpp in Sources */ = {isa = PBXBuildFile; fileRef = 3652D2FDC29674E566B9A885 /* root_factory.cpp */; };
		3652DB0A45CE757A2C2B0162 /* bigint.cpp in Sources */ = {isa = PBXBuildFile; fileRef = 3652D1535C7A3425E64747DF /* bigint.cpp */; };
		3652DB41081EC355E2408F48 /* unary_numeric.cpp in Sources */ = {isa = PBXBuildFile; fileRef = 3652D8A63963A22E74626D55 /* unary_numeric.cpp */; };
		3652DB4A8D72BF9F20CA3920 /* lookbehind.cpp in Sources */ = {isa = PBXBuildFile; fileRef = 3652D1FC48F4803DF0D969E1 /* lookbehind.cpp */; };
		3652DBBBD34B4982F18152B3 /* fndivide.cpp in Sources */ = {isa = PBXBuildFile; fileRef = 3652DF3221053C252F90CAD1 /* fndivide.cpp */; };
		3652DC434D9E60CBD751D7B5 /* fngcd.cpp in Sources */ = {isa = PBXBuildFile; fileRef = 3652D3A5506D170B9F95EBEC /* fngcd.cpp */; };
		3652DC7AADA3868B63DEDE40 /* fnnumerator.cpp in Sources */ = {isa = PBXBuildFile; fileRef = 3652D2723452A637F1D720B1 /* fnnumerator.cpp */; };
		3652DCB2946FE5A6ADE8D7C8 /* decider.cpp in Sources */ = {isa = PBXBuildFile; fileRef = 3652D5206A84A89E342A5A62 /* decider.cpp */; };
		3652DCBA529217912A8E04CC /* error.cpp in Sources */ = {isa = PBXBuildFile; fileRef = 3652D32F1C8FA01CE5239342 /* error.cpp */; };
		3652DCD945DB8B8CE00E494B /* fnlambda.cpp in Sources */ = {isa = PBXBuildFile; fileRef = 3652D4F8BCDB94A2C085A989 /* fnlambda.cpp */; };
		3652DD18B4B84A27B838ED12 /* rewriter.cpp in Sources */ = {isa = PBXBuildFile; fileRef = 3652D7B5FBC7604F55B093DB /* rewriter.cpp */; };
		3652DDC69689D9E571E061A6 /* binary_numeric.cpp in Sources */ = {isa = PBXBuildFile; fileRef = 3652D6B4B7B08D6041201EDA /* binary_numeric.cpp */; };
		3652DE0744FB1EF871726CDC /* fntimes.cpp in Sources */ = {isa = PBXBuildFile; fileRef = 3652D5B458124C1FCBFEFFE4 /* fntimes.cpp */; };
		3652DE35478CD286BC56FDA0 /* binary_integer.cpp in Sources */ = {isa = PBXBuildFile; fileRef = 3652DF28DBEB6565F86055C1 /* binary_integer.cpp */; };
		3652DE6E207272186E611954 /* fnnumberq.cpp in Sources */ = {isa = PBXBuildFile; fileRef = 3652D18F62893428D99CB53D /* fnnumberq.cpp */; };
		3652DE93788E64A77CFFAE3C /* listable.cpp in Sources */ = {isa = PBXBuildFile; fileRef = 3652DAD1206F93A9FEEB5400 /* listable.cpp */; };
		3652DF49C3C7944498418A6C /* fnboolq.cpp in Sources */ = {isa = PBXBuildFile; fileRef = 3652D2F0AEA5FF2DC68FFEEA /* fnboolq.cpp */; };
		3652DF67BEF22B2D2555146F /* fnexpand.cpp in Sources */ = {isa = PBXBuildFile; fileRef = 3652D1F9FF4641353B9A3E04 /* fnexpand.cpp */; };
		3652DF9F1C5399E5656FA330 /* ptr.cpp in Sources */ = {isa = PBXBuildFile; fileRef = 3652DDD455DF176AF2F7282C /* ptr.cpp */; };
		3652DFA968567FCE2AB1BCE8 /* fnless.cpp in Sources */ = {isa = PBXBuildFile; fileRef = 3652DEF813B24A5DCBA3004A /* fnless.cpp */; };
		3652DFB4579F0918C6389372 /* fnstringq.cpp in Sources */ = {isa = PBXBuildFile; fileRef = 3652D0A296D4F97F6479DE88 /* fnstringq.cpp */; };
		3652DFCC9C4A983DB1E43A4B /* bool.cpp in Sources */ = {isa = PBXBuildFile; fileRef = 3652DAC1295FC1C540C4EFB7 /* bool.cpp */; };
		7058954A1B1869200035ED69 /* main.cpp in Sources */ = {isa = PBXBuildFile; fileRef = 705895491B1869200035ED69 /* main.cpp */; };
		705895521B18697C0035ED69 /* pair.cpp in Sources */ = {isa = PBXBuildFile; fileRef = 705895501B18697C0035ED69 /* pair.cpp */; };
		705895551B186A3E0035ED69 /* element.cpp in Sources */ = {isa = PBXBuildFile; fileRef = 705895531B186A3E0035ED69 /* element.cpp */; };
		705895581B186D380035ED69 /* collector.cpp in Sources */ = {isa = PBXBuildFile; fileRef = 705895561B186D380035ED69 /* collector.cpp */; };
		705895621B18BA5D0035ED69 /* string.cpp in Sources */ = {isa = PBXBuildFile; fileRef = 705895601B18BA5D0035ED69 /* string.cpp */; };
		705895651B18BFCE0035ED69 /* number.cpp in Sources */ = {isa = PBXBuildFile; fileRef = 705895631B18BFCE0035ED69 /* number.cpp */; };
		705895681B18C27B0035ED69 /* fractional.cpp in Sources */ = {isa = PBXBuildFile; fileRef = 705895661B18C27B0035ED69 /* fractional.cpp */; };
		90A2CF24F05180FDA24B6AC4 /* fnminus.cpp in Sources */ = {isa = PBXBuildFile; fileRef = 90A2C3B5F0B91C4AEAC4992E /* fnminus.cpp */; };
/* End PBXBuildFile section */

/* Begin PBXCopyFilesBuildPhase section */
		705895441B1869200035ED69 /* CopyFiles */ = {
			isa = PBXCopyFilesBuildPhase;
			buildActionMask = 12;
			dstPath = "";
			dstSubfolderSpec = 6;
			files = (
				24A612971B3C842400A2CB04 /* turing.lsp in CopyFiles */,
				24D30F831B6505FE00B837FC /* sicp-tests.lsp in CopyFiles */,
				24A612961B36C90C00A2CB04 /* system.lsp in CopyFiles */,
				24D30F881B651E9D00B837FC /* simple.lsp in CopyFiles */,
				24D30FB41B6539E500B837FC /* t_binary_integer.lsp in CopyFiles */,
				24D30F891B651E9D00B837FC /* t_binary_numeric.lsp in CopyFiles */,
				24D30F8A1B651E9D00B837FC /* t_binary.lsp in CopyFiles */,
				24D30F8B1B651E9D00B837FC /* t_bool.lsp in CopyFiles */,
				24D30F8C1B651E9D00B837FC /* t_dictionary.lsp in CopyFiles */,
				24D30F8D1B651E9D00B837FC /* t_error.lsp in CopyFiles */,
				24D30F8E1B651E9D00B837FC /* t_expander.lsp in CopyFiles */,
				24D30F8F1B651E9D00B837FC /* t_fnand.lsp in CopyFiles */,
				24D30F901B651E9D00B837FC /* t_fnapply.lsp in CopyFiles */,
				24D30F911B651E9D00B837FC /* t_fnboolq.lsp in CopyFiles */,
				24D30F921B651E9D00B837FC /* t_fncar.lsp in CopyFiles */,
				24D30F931B651E9D00B837FC /* t_fncdr.lsp in CopyFiles */,
				24D30F941B651E9D00B837FC /* t_fncond.lsp in CopyFiles */,
				24D30F951B651E9D00B837FC /* t_fndefine.lsp in CopyFiles */,
				24D30F961B651E9D00B837FC /* t_fndenominator.lsp in CopyFiles */,
				24D30F971B651E9D00B837FC /* t_fndict.lsp in CopyFiles */,
				24D30F981B651E9D00B837FC /* t_fndynamic.lsp in CopyFiles */,
				24D30F991B651E9D00B837FC /* t_fnequal.lsp in CopyFiles */,
				24D30F9A1B651E9D00B837FC /* t_fnerror.lsp in CopyFiles */,
				24D30F9B1B651E9D00B837FC /* t_fnexpand.lsp in CopyFiles */,
				24D30F9C1B651E9D00B837FC /* t_fngcd.lsp in CopyFiles */,
				24D30F9D1B651E9D00B837FC /* t_fnimport.lsp in CopyFiles */,
				24D30F9E1B651E9D00B837FC /* t_fnlambda.lsp in CopyFiles */,
				24D30F9F1B651E9D00B837FC /* t_fnlist.lsp in CopyFiles */,
				24D30FA01B651E9D00B837FC /* t_fnminus.lsp in CopyFiles */,
				24D30FA11B651E9D00B837FC /* t_fnnumerator.lsp in CopyFiles */,
				24D30FA21B651E9D00B837FC /* t_fnplus.lsp in CopyFiles */,
				24D30FA31B651E9D00B837FC /* t_fnquote.lsp in CopyFiles */,
				24D30FA41B651E9D00B837FC /* t_fnremainder.lsp in CopyFiles */,
				24D30FA51B651E9D00B837FC /* t_fnstrprint.lsp in CopyFiles */,
				24D30FA61B651E9D00B837FC /* t_fntimes.lsp in CopyFiles */,
				24D30FA71B651E9D00B837FC /* t_fractional.lsp in CopyFiles */,
				24D30FA81B651E9D00B837FC /* t_function.lsp in CopyFiles */,
				24D30FA91B651E9D00B837FC /* t_identifier.lsp in CopyFiles */,
				24D30FAB1B651E9D00B837FC /* t_number.lsp in CopyFiles */,
				24D30FAC1B651E9D00B837FC /* t_pair.lsp in CopyFiles */,
				24D30FAD1B651E9D00B837FC /* t_parser.lsp in CopyFiles */,
				24D30FAE1B651E9D00B837FC /* t_root_factory.lsp in CopyFiles */,
				24D30FAF1B651E9D00B837FC /* t_string.lsp in CopyFiles */,
				24D30FB01B651E9D00B837FC /* t_unary_numeric.lsp in CopyFiles */,
				24D30FB11B651E9D00B837FC /* t_unary_pair.lsp in CopyFiles */,
				24D30FB21B651E9D00B837FC /* t_unary.lsp in CopyFiles */,
				24D30F811B64E61A00B837FC /* tests.lsp in CopyFiles */,
			);
			runOnlyForDeploymentPostprocessing = 0;
		};
/* End PBXCopyFilesBuildPhase section */

/* Begin PBXFileReference section */
		24D30F301B64E5AB00B837FC /* t_binary.lsp */ = {isa = PBXFileReference; fileEncoding = 4; lastKnownFileType = text; path = t_binary.lsp; sourceTree = "<group>"; };
		24D30F311B64E5AB00B837FC /* t_bool.lsp */ = {isa = PBXFileReference; fileEncoding = 4; lastKnownFileType = text; path = t_bool.lsp; sourceTree = "<group>"; };
		24D30F321B64E5AB00B837FC /* t_error.lsp */ = {isa = PBXFileReference; fileEncoding = 4; lastKnownFileType = text; path = t_error.lsp; sourceTree = "<group>"; };
		24D30F331B64E5AB00B837FC /* t_expander.lsp */ = {isa = PBXFileReference; fileEncoding = 4; lastKnownFileType = text; path = t_expander.lsp; sourceTree = "<group>"; };
		24D30F341B64E5AB00B837FC /* t_fnand.lsp */ = {isa = PBXFileReference; fileEncoding = 4; lastKnownFileType = text; path = t_fnand.lsp; sourceTree = "<group>"; };
		24D30F351B64E5AB00B837FC /* t_fnapply.lsp */ = {isa = PBXFileReference; fileEncoding = 4; lastKnownFileType = text; path = t_fnapply.lsp; sourceTree = "<group>"; };
		24D30F361B64E5AB00B837FC /* t_fnboolq.lsp */ = {isa = PBXFileReference; fileEncoding = 4; lastKnownFileType = text; path = t_fnboolq.lsp; sourceTree = "<group>"; };
		24D30F371B64E5AB00B837FC /* t_fncar.lsp */ = {isa = PBXFileReference; fileEncoding = 4; lastKnownFileType = text; path = t_fncar.lsp; sourceTree = "<group>"; };
		24D30F381B64E5AB00B837FC /* t_fncdr.lsp */ = {isa = PBXFileReference; fileEncoding = 4; lastKnownFileType = text; path = t_fncdr.lsp; sourceTree = "<group>"; };
		24D30F391B64E5AB00B837FC /* t_fncond.lsp */ = {isa = PBXFileReference; fileEncoding = 4; lastKnownFileType = text; path = t_fncond.lsp; sourceTree = "<group>"; };
		24D30F3A1B64E5AB00B837FC /* t_fndefine.lsp */ = {isa = PBXFileReference; fileEncoding = 4; lastKnownFileType = text; path = t_fndefine.lsp; sourceTree = "<group>"; };
		24D30F3B1B64E5AB00B837FC /* t_fndenominator.lsp */ = {isa = PBXFileReference; fileEncoding = 4; lastKnownFileType = text; path = t_fndenominator.lsp; sourceTree = "<group>"; };
		24D30F3C1B64E5AB00B837FC /* t_fndict.lsp */ = {isa = PBXFileReference; fileEncoding = 4; lastKnownFileType = text; path = t_fndict.lsp; sourceTree = "<group>"; };
		24D30F3D1B64E5AB00B837FC /* t_fnequal.lsp */ = {isa = PBXFileReference; fileEncoding = 4; lastKnownFileType = text; path = t_fnequal.lsp; sourceTree = "<group>"; };
		24D30F3E1B64E5AB00B837FC /* t_fnerror.lsp */ = {isa = PBXFileReference; fileEncoding = 4; lastKnownFileType = text; path = t_fnerror.lsp; sourceTree = "<group>"; };
		24D30F3F1B64E5AB00B837FC /* t_fnexpand.lsp */ = {isa = PBXFileReference; fileEncoding = 4; lastKnownFileType = text; path = t_fnexpand.lsp; sourceTree = "<group>"; };
		24D30F401B64E5AB00B837FC /* t_fngcd.lsp */ = {isa = PBXFileReference; fileEncoding = 4; lastKnownFileType = text; path = t_fngcd.lsp; sourceTree = "<group>"; };
		24D30F411B64E5AB00B837FC /* t_fnimport.lsp */ = {isa = PBXFileReference; fileEncoding = 4; lastKnownFileType = text; path = t_fnimport.lsp; sourceTree = "<group>"; };
		24D30F421B64E5AB00B837FC /* t_fnlambda.lsp */ = {isa = PBXFileReference; fileEncoding = 4; lastKnownFileType = text; path = t_fnlambda.lsp; sourceTree = "<group>"; };
		24D30F431B64E5AB00B837FC /* t_fnlist.lsp */ = {isa = PBXFileReference; fileEncoding = 4; lastKnownFileType = text; path = t_fnlist.lsp; sourceTree = "<group>"; };
		24D30F441B64E5AB00B837FC /* t_fnminus.lsp */ = {isa = PBXFileReference; fileEncoding = 4; lastKnownFileType = text; path = t_fnminus.lsp; sourceTree = "<group>"; };
		24D30F451B64E5AB00B837FC /* t_fnnumerator.lsp */ = {isa = PBXFileReference; fileEncoding = 4; lastKnownFileType = text; path = t_fnnumerator.lsp; sourceTree = "<group>"; };
		24D30F461B64E5AB00B837FC /* t_fnplus.lsp */ = {isa = PBXFileReference; fileEncoding = 4; lastKnownFileType = text; path = t_fnplus.lsp; sourceTree = "<group>"; };
		24D30F471B64E5AB00B837FC /* t_fnremainder.lsp */ = {isa = PBXFileReference; fileEncoding = 4; lastKnownFileType = text; path = t_fnremainder.lsp; sourceTree = "<group>"; };
		24D30F481B64E5AB00B837FC /* t_fnstrprint.lsp */ = {isa = PBXFileReference; fileEncoding = 4; lastKnownFileType = text; path = t_fnstrprint.lsp; sourceTree = "<group>"; };
		24D30F491B64E5AB00B837FC /* t_fntimes.lsp */ = {isa = PBXFileReference; fileEncoding = 4; lastKnownFileType = text; path = t_fntimes.lsp; sourceTree = "<group>"; };
		24D30F4A1B64E5AB00B837FC /* t_fractional.lsp */ = {isa = PBXFileReference; fileEncoding = 4; lastKnownFileType = text; path = t_fractional.lsp; sourceTree = "<group>"; };
		24D30F4B1B64E5AB00B837FC /* t_function.lsp */ = {isa = PBXFileReference; fileEncoding = 4; lastKnownFileType = text; path = t_function.lsp; sourceTree = "<group>"; };
		24D30F4C1B64E5AB00B837FC /* t_identifier.lsp */ = {isa = PBXFileReference; fileEncoding = 4; lastKnownFileType = text; path = t_identifier.lsp; sourceTree = "<group>"; };
		24D30F4E1B64E5AB00B837FC /* t_number.lsp */ = {isa = PBXFileReference; fileEncoding = 4; lastKnownFileType = text; path = t_number.lsp; sourceTree = "<group>"; };
		24D30F501B64E5AB00B837FC /* t_pair.lsp */ = {isa = PBXFileReference; fileEncoding = 4; lastKnownFileType = text; path = t_pair.lsp; sourceTree = "<group>"; };
		24D30F511B64E5AB00B837FC /* t_parser.lsp */ = {isa = PBXFileReference; fileEncoding = 4; lastKnownFileType = text; path = t_parser.lsp; sourceTree = "<group>"; };
		24D30F521B64E5AB00B837FC /* t_root_factory.lsp */ = {isa = PBXFileReference; fileEncoding = 4; lastKnownFileType = text; path = t_root_factory.lsp; sourceTree = "<group>"; };
		24D30F531B64E5AB00B837FC /* t_string.lsp */ = {isa = PBXFileReference; fileEncoding = 4; lastKnownFileType = text; path = t_string.lsp; sourceTree = "<group>"; };
		24D30F541B64E5AB00B837FC /* t_unary.lsp */ = {isa = PBXFileReference; fileEncoding = 4; lastKnownFileType = text; path = t_unary.lsp; sourceTree = "<group>"; };
		24D30F551B64E5AB00B837FC /* t_unary_numeric.lsp */ = {isa = PBXFileReference; fileEncoding = 4; lastKnownFileType = text; path = t_unary_numeric.lsp; sourceTree = "<group>"; };
		24D30F561B64E5AB00B837FC /* t_unary_pair.lsp */ = {isa = PBXFileReference; fileEncoding = 4; lastKnownFileType = text; path = t_unary_pair.lsp; sourceTree = "<group>"; };
		24D30F571B64E5AB00B837FC /* tests.lsp */ = {isa = PBXFileReference; fileEncoding = 4; lastKnownFileType = text; path = tests.lsp; sourceTree = "<group>"; };
		24D30F581B64E5F400B837FC /* simple.lsp */ = {isa = PBXFileReference; fileEncoding = 4; lastKnownFileType = text; path = simple.lsp; sourceTree = "<group>"; };
		24D30F821B6505B700B837FC /* sicp-tests.lsp */ = {isa = PBXFileReference; fileEncoding = 4; lastKnownFileType = text; path = "sicp-tests.lsp"; sourceTree = "<group>"; };
		24D30F841B651E6300B837FC /* t_binary_numeric.lsp */ = {isa = PBXFileReference; fileEncoding = 4; lastKnownFileType = text; path = t_binary_numeric.lsp; sourceTree = "<group>"; };
		24D30F851B651E6300B837FC /* t_dictionary.lsp */ = {isa = PBXFileReference; fileEncoding = 4; lastKnownFileType = text; path = t_dictionary.lsp; sourceTree = "<group>"; };
		24D30F861B651E6300B837FC /* t_fndynamic.lsp */ = {isa = PBXFileReference; fileEncoding = 4; lastKnownFileType = text; path = t_fndynamic.lsp; sourceTree = "<group>"; };
		24D30F871B651E6300B837FC /* t_fnquote.lsp */ = {isa = PBXFileReference; fileEncoding = 4; lastKnownFileType = text; path = t_fnquote.lsp; sourceTree = "<group>"; };
		24D30FB31B65399C00B837FC /* t_binary_integer.lsp */ = {isa = PBXFileReference; fileEncoding = 4; lastKnownFileType = text; path = t_binary_integer.lsp; sourceTree = "<group>"; };
		24D82F5D1B22D81700A8A86C /* update_tests.rb */ = {isa = PBXFileReference; lastKnownFileType = text.script.ruby; path = update_tests.rb; sourceTree = "<group>"; };
		24D82F681B2360AA00A8A86C /* parser.cpp */ = {isa = PBXFileReference; fileEncoding = 4; lastKnownFileType = sourcecode.cpp.cpp; path = parser.cpp; sourceTree = "<group>"; };
		24D82F691B2360AA00A8A86C /* parser.h */ = {isa = PBXFileReference; fileEncoding = 4; lastKnownFileType = sourcecode.c.h; path = parser.h; sourceTree = "<group>"; };
		24D82F711B2380AC00A8A86C /* dictionary.cpp */ = {isa = PBXFileReference; fileEncoding = 4; lastKnownFileType = sourcecode.cpp.cpp; path = dictionary.cpp; sourceTree = "<group>"; };
		24D82F721B2380AC00A8A86C /* dictionary.h */ = {isa = PBXFileReference; fileEncoding = 4; lastKnownFileType = sourcecode.c.h; path = dictionary.h; sourceTree = "<group>"; };
		3652D016C4274D0DA9D52316 /* fndict.h */ = {isa = PBXFileReference; fileEncoding = 4; lastKnownFileType = sourcecode.c.h; path = fndict.h; sourceTree = "<group>"; };
		3652D043BE23F9D1844A2CDC /* turing.lsp */ = {isa = PBXFileReference; lastKnownFileType = file.lsp; path = turing.lsp; sourceTree = "<group>"; };
		3652D05C5147BEDA132AC853 /* fncdr.h */ = {isa = PBXFileReference; fileEncoding = 4; lastKnownFileType = sourcecode.c.h; path = fncdr.h; sourceTree = "<group>"; };
		3652D0835928849F9AC8C778 /* listable.h */ = {isa = PBXFileReference; fileEncoding = 4; lastKnownFileType = sourcecode.c.h; path = listable.h; sourceTree = "<group>"; };
		3652D08ABEF53212E245755A /* fnlambda.h */ = {isa = PBXFileReference; fileEncoding = 4; lastKnownFileType = sourcecode.c.h; path = fnlambda.h; sourceTree = "<group>"; };
		3652D09422057258F70D6E87 /* unary.cpp */ = {isa = PBXFileReference; fileEncoding = 4; lastKnownFileType = sourcecode.cpp.cpp; path = unary.cpp; sourceTree = "<group>"; };
		3652D094B0AEF6A3C1E4C7AE /* expander.cpp */ = {isa = PBXFileReference; fileEncoding = 4; lastKnownFileType = sourcecode.cpp.cpp; path = expander.cpp; sourceTree = "<group>"; };
		3652D0A296D4F97F6479DE88 /* fnstringq.cpp */ = {isa = PBXFileReference; fileEncoding = 4; lastKnownFileType = sourcecode.cpp.cpp; path = fnstringq.cpp; sourceTree = "<group>"; };
		3652D0D431AE25F4AC4ADBF9 /* decider.h */ = {isa = PBXFileReference; fileEncoding = 4; lastKnownFileType = sourcecode.c.h; path = decider.h; sourceTree = "<group>"; };
		3652D0EFB4F3B5D8B55A86D2 /* fnless.h */ = {isa = PBXFileReference; fileEncoding = 4; lastKnownFileType = sourcecode.c.h; path = fnless.h; sourceTree = "<group>"; };
		3652D0FAA138CD1D5707DD09 /* state.cpp */ = {isa = PBXFileReference; fileEncoding = 4; lastKnownFileType = sourcecode.cpp.cpp; path = state.cpp; sourceTree = "<group>"; };
		3652D114DBB0C93DAB7D2A20 /* fneval.h */ = {isa = PBXFileReference; fileEncoding = 4; lastKnownFileType = sourcecode.c.h; path = fneval.h; sourceTree = "<group>"; };
		3652D1535C7A3425E64747DF /* bigint.cpp */ = {isa = PBXFileReference; fileEncoding = 4; lastKnownFileType = sourcecode.cpp.cpp; path = bigint.cpp; sourceTree = "<group>"; };
		3652D18B4F35486A015E87AA /* fndenominator.h */ = {isa = PBXFileReference; fileEncoding = 4; lastKnownFileType = sourcecode.c.h; path = fndenominator.h; sourceTree = "<group>"; };
		3652D18C06D1DBE252F93139 /* fndivide.h */ = {isa = PBXFileReference; fileEncoding = 4; lastKnownFileType = sourcecode.c.h; path = fndivide.h; sourceTree = "<group>"; };
		3652D18F62893428D99CB53D /* fnnumberq.cpp */ = {isa = PBXFileReference; fileEncoding = 4; lastKnownFileType = sourcecode.cpp.cpp; path = fnnumberq.cpp; sourceTree = "<group>"; };
		3652D19CEB36D5334D3D94C9 /* TODO.txt */ = {isa = PBXFileReference; fileEncoding = 4; lastKnownFileType = text; path = TODO.txt; sourceTree = "<group>"; };
		3652D1BB7A0240D288ECE2F2 /* fnfunctionq.cpp */ = {isa = PBXFileReference; fileEncoding = 4; lastKnownFileType = sourcecode.cpp.cpp; path = fnfunctionq.cpp; sourceTree = "<group>"; };
		3652D1F9FF4641353B9A3E04 /* fnexpand.cpp */ = {isa = PBXFileReference; fileEncoding = 4; lastKnownFileType = sourcecode.cpp.cpp; path = fnexpand.cpp; sourceTree = "<group>"; };
		3652D1FC48F4803DF0D969E1 /* lookbehind.cpp */ = {isa = PBXFileReference; fileEncoding = 4; lastKnownFileType = sourcecode.cpp.cpp; path = lookbehind.cpp; sourceTree = "<group>"; };
		3652D1FF5CB7E2BC3B3A4A41 /* fnstrprint.cpp */ = {isa = PBXFileReference; fileEncoding = 4; lastKnownFileType = sourcecode.cpp.cpp; path = fnstrprint.cpp; sourceTree = "<group>"; };
		3652D2498BDE3CC27CEE7C31 /* fnidentifierq.h */ = {isa = PBXFileReference; fileEncoding = 4; lastKnownFileType = sourcecode.c.h; path = fnidentifierq.h; sourceTree = "<group>"; };
		3652D263F5D663BFC40DD02D /* fndefine.h */ = {isa = PBXFileReference; fileEncoding = 4; lastKnownFileType = sourcecode.c.h; path = fndefine.h; sourceTree = "<group>"; };
		3652D26923E9C50B8690BC2B /* fnimport.h */ = {isa = PBXFileReference; fileEncoding = 4; lastKnownFileType = sourcecode.c.h; path = fnimport.h; sourceTree = "<group>"; };
		3652D2723452A637F1D720B1 /* fnnumerator.cpp */ = {isa = PBXFileReference; fileEncoding = 4; lastKnownFileType = sourcecode.cpp.cpp; path = fnnumerator.cpp; sourceTree = "<group>"; };
		3652D2C91B8992A3B3B40BC8 /* identifier.h */ = {isa = PBXFileReference; fileEncoding = 4; lastKnownFileType = sourcecode.c.h; path = identifier.h; sourceTree = "<group>"; };
		3652D2D8A38CAC410F92CB4A /* function.cpp */ = {isa = PBXFileReference; fileEncoding = 4; lastKnownFileType = sourcecode.cpp.cpp; path = function.cpp; sourceTree = "<group>"; };
		3652D2F0AEA5FF2DC68FFEEA /* fnboolq.cpp */ = {isa = PBXFileReference; fileEncoding = 4; lastKnownFileType = sourcecode.cpp.cpp; path = fnboolq.cpp; sourceTree = "<group>"; };
		3652D2FDC29674E566B9A885 /* root_factory.cpp */ = {isa = PBXFileReference; fileEncoding = 4; lastKnownFileType = sourcecode.cpp.cpp; path = root_factory.cpp; sourceTree = "<group>"; };
		3652D32F1C8FA01CE5239342 /* error.cpp */ = {isa = PBXFileReference; fileEncoding = 4; lastKnownFileType = sourcecode.cpp.cpp; path = error.cpp; sourceTree = "<group>"; };
		3652D355E29E7976330AEC23 /* fndict.cpp */ = {isa = PBXFileReference; fileEncoding = 4; lastKnownFileType = sourcecode.cpp.cpp; path = fndict.cpp; sourceTree = "<group>"; };
		3652D36D323308242DCF6057 /* identifier.cpp */ = {isa = PBXFileReference; fileEncoding = 4; lastKnownFileType = sourcecode.cpp.cpp; path = identifier.cpp; sourceTree = "<group>"; };
		3652D375BF1ABD0090EA679C /* fnquote.h */ = {isa = PBXFileReference; fileEncoding = 4; lastKnownFileType = sourcecode.c.h; path = fnquote.h; sourceTree = "<group>"; };
		3652D37DADE51622CCBFDECD /* fnstringq.h */ = {isa = PBXFileReference; fileEncoding = 4; lastKnownFileType = sourcecode.c.h; path = fnstringq.h; sourceTree = "<group>"; };
		3652D3A5506D170B9F95EBEC /* fngcd.cpp */ = {isa = PBXFileReference; fileEncoding = 4; lastKnownFileType = sourcecode.cpp.cpp; path = fngcd.cpp; sourceTree = "<group>"; };
		3652D3E9463DE1941690F22A /* fneval.cpp */ = {isa = PBXFileReference; fileEncoding = 4; lastKnownFileType = sourcecode.cpp.cpp; path = fneval.cpp; sourceTree = "<group>"; };
		3652D3F1C4DBF7D85E1DF212 /* fnimport.cpp */ = {isa = PBXFileReference; fileEncoding = 4; lastKnownFileType = sourcecode.cpp.cpp; path = fnimport.cpp; sourceTree = "<group>"; };
		3652D426BB33BF06F277B0CC /* fnprint.cpp */ = {isa = PBXFileReference; fileEncoding = 4; lastKnownFileType = sourcecode.cpp.cpp; path = fnprint.cpp; sourceTree = "<group>"; };
		3652D4507D93EF742DF218FF /* fnquote.cpp */ = {isa = PBXFileReference; fileEncoding = 4; lastKnownFileType = sourcecode.cpp.cpp; path = fnquote.cpp; sourceTree = "<group>"; };
		3652D4621C653ACE05B629EC /* fnerror.cpp */ = {isa = PBXFileReference; fileEncoding = 4; lastKnownFileType = sourcecode.cpp.cpp; path = fnerror.cpp; sourceTree = "<group>"; };
		3652D46C15DBE1C7FE1BE5BA /* fndynamic.h */ = {isa = PBXFileReference; fileEncoding = 4; lastKnownFileType = sourcecode.c.h; path = fndynamic.h; sourceTree = "<group>"; };
		3652D4E05624000EFDC5A67C /* fnand.h */ = {isa = PBXFileReference; fileEncoding = 4; lastKnownFileType = sourcecode.c.h; path = fnand.h; sourceTree = "<group>"; };
		3652D4F8BCDB94A2C085A989 /* fnlambda.cpp */ = {isa = PBXFileReference; fileEncoding = 4; lastKnownFileType = sourcecode.cpp.cpp; path = fnlambda.cpp; sourceTree = "<group>"; };
		3652D51110BE387B35CA7B4E /* fndictionaryq.h */ = {isa = PBXFileReference; fileEncoding = 4; lastKnownFileType = sourcecode.c.h; path = fndictionaryq.h; sourceTree = "<group>"; };
		3652D5206A84A89E342A5A62 /* decider.cpp */ = {isa = PBXFileReference; fileEncoding = 4; lastKnownFileType = sourcecode.cpp.cpp; path = decider.cpp; sourceTree = "<group>"; };
		3652D5699815661F44771A65 /* fnapply.h */ = {isa = PBXFileReference; fileEncoding = 4; lastKnownFileType = sourcecode.c.h; path = fnapply.h; sourceTree = "<group>"; };
		3652D57C6E43E83D06D786FD /* system.lsp */ = {isa = PBXFileReference; lastKnownFileType = file.lsp; path = system.lsp; sourceTree = "<group>"; };
		3652D580110EAAA0F2926A9B /* rewriter.h */ = {isa = PBXFileReference; fileEncoding = 4; lastKnownFileType = sourcecode.c.h; path = rewriter.h; sourceTree = "<group>"; };
		3652D5A62AC5A943C3284252 /* fndynamic.cpp */ = {isa = PBXFileReference; fileEncoding = 4; lastKnownFileType = sourcecode.cpp.cpp; path = fndynamic.cpp; sourceTree = "<group>"; };
		3652D5B458124C1FCBFEFFE4 /* fntimes.cpp */ = {isa = PBXFileReference; fileEncoding = 4; lastKnownFileType = sourcecode.cpp.cpp; path = fntimes.cpp; sourceTree = "<group>"; };
		3652D618BD53F8049434D820 /* fnequal.cpp */ = {isa = PBXFileReference; fileEncoding = 4; lastKnownFileType = sourcecode.cpp.cpp; path = fnequal.cpp; sourceTree = "<group>"; };
		3652D6501BBE30921E215856 /* fnfunctionq.h */ = {isa = PBXFileReference; fileEncoding = 4; lastKnownFileType = sourcecode.c.h; path = fnfunctionq.h; sourceTree = "<group>"; };
		3652D6530404676AA201C718 /* fndefine.cpp */ = {isa = PBXFileReference; fileEncoding = 4; lastKnownFileType = sourcecode.cpp.cpp; path = fndefine.cpp; sourceTree = "<group>"; };
		3652D6680AB16776E894D970 /* fnidentifierq.cpp */ = {isa = PBXFileReference; fileEncoding = 4; lastKnownFileType = sourcecode.cpp.cpp; path = fnidentifierq.cpp; sourceTree = "<group>"; };
		3652D67D5AE590F28673CC65 /* fndictionaryq.cpp */ = {isa = PBXFileReference; fileEncoding = 4; lastKnownFileType = sourcecode.cpp.cpp; path = fndictionaryq.cpp; sourceTree = "<group>"; };
		3652D6B4B7B08D6041201EDA /* binary_numeric.cpp */ = {isa = PBXFileReference; fileEncoding = 4; lastKnownFileType = sourcecode.cpp.cpp; path = binary_numeric.cpp; sourceTree = "<group>"; };
		3652D6C175C4EB9F5F893DF9 /* fngcd.h */ = {isa = PBXFileReference; fileEncoding = 4; lastKnownFileType = sourcecode.c.h; path = fngcd.h; sourceTree = "<group>"; };
		3652D6CF19091A9B45B09C6E /* ptr.h */ = {isa = PBXFileReference; fileEncoding = 4; lastKnownFileType = sourcecode.c.h; path = ptr.h; sourceTree = "<group>"; };
		3652D6F5B8D2B6D04344C09C /* fnnumerator.h */ = {isa = PBXFileReference; fileEncoding = 4; lastKnownFileType = sourcecode.c.h; path = fnnumerator.h; sourceTree = "<group>"; };
		3652D7B5FBC7604F55B093DB /* rewriter.cpp */ = {isa = PBXFileReference; fileEncoding = 4; lastKnownFileType = sourcecode.cpp.cpp; path = rewriter.cpp; sourceTree = "<group>"; };
		3652D7F1CE610A61A891C3EA /* fnprint.h */ = {isa = PBXFileReference; fileEncoding = 4; lastKnownFileType = sourcecode.c.h; path = fnprint.h; sourceTree = "<group>"; };
		3652D802F307661C315CFE1F /* fnand.cpp */ = {isa = PBXFileReference; fileEncoding = 4; lastKnownFileType = sourcecode.cpp.cpp; path = fnand.cpp; sourceTree = "<group>"; };
		3652D84A713D7FB134C83ECE /* fnpairq.h */ = {isa = PBXFileReference; fileEncoding = 4; lastKnownFileType = sourcecode.c.h; path = fnpairq.h; sourceTree = "<group>"; };
		3652D8544FF74D073C03FADB /* fnequal.h */ = {isa = PBXFileReference; fileEncoding = 4; lastKnownFileType = sourcecode.c.h; path = fnequal.h; sourceTree = "<group>"; };
		3652D855CE00CBAD0ED7D726 /* fncond.cpp */ = {isa = PBXFileReference; fileEncoding = 4; lastKnownFileType = sourcecode.cpp.cpp; path = fncond.cpp; sourceTree = "<group>"; };
		3652D87918FEFDC099C0E67F /* lookbehind.h */ = {isa = PBXFileReference; fileEncoding = 4; lastKnownFileType = sourcecode.c.h; path = lookbehind.h; sourceTree = "<group>"; };
		3652D896F361134E6FA12B67 /* fnpairq.cpp */ = {isa = PBXFileReference; fileEncoding = 4; lastKnownFileType = sourcecode.cpp.cpp; path = fnpairq.cpp; sourceTree = "<group>"; };
		3652D8A63963A22E74626D55 /* unary_numeric.cpp */ = {isa = PBXFileReference; fileEncoding = 4; lastKnownFileType = sourcecode.cpp.cpp; path = unary_numeric.cpp; sourceTree = "<group>"; };
		3652D8DC3696E36374FC5014 /* creator.h */ = {isa = PBXFileReference; fileEncoding = 4; lastKnownFileType = sourcecode.c.h; path = creator.h; sourceTree = "<group>"; };
		3652D8ED3BD34BD36E22C356 /* fnplus.cpp */ = {isa = PBXFileReference; fileEncoding = 4; lastKnownFileType = sourcecode.cpp.cpp; path = fnplus.cpp; sourceTree = "<group>"; };
		3652D90033B08464B60BDB2E /* binary.h */ = {isa = PBXFileReference; fileEncoding = 4; lastKnownFileType = sourcecode.c.h; path = binary.h; sourceTree = "<group>"; };
		3652D906A94A218AA953F686 /* fnerrorq.cpp */ = {isa = PBXFileReference; fileEncoding = 4; lastKnownFileType = sourcecode.cpp.cpp; path = fnerrorq.cpp; sourceTree = "<group>"; };
		3652D94681B3C9B18ABB07BD /* expander.h */ = {isa = PBXFileReference; fileEncoding = 4; lastKnownFileType = sourcecode.c.h; path = expander.h; sourceTree = "<group>"; };
		3652D9A27259BD989CF41429 /* binary.cpp */ = {isa = PBXFileReference; fileEncoding = 4; lastKnownFileType = sourcecode.cpp.cpp; path = binary.cpp; sourceTree = "<group>"; };
		3652DA5197E2C3A98103E2C4 /* fnlist.h */ = {isa = PBXFileReference; fileEncoding = 4; lastKnownFileType = sourcecode.c.h; path = fnlist.h; sourceTree = "<group>"; };
		3652DA58C18A6E89E129E4D5 /* fnerrorq.h */ = {isa = PBXFileReference; fileEncoding = 4; lastKnownFileType = sourcecode.c.h; path = fnerrorq.h; sourceTree = "<group>"; };
		3652DA86B3ABA66C2302BA2D /* binary_numeric.h */ = {isa = PBXFileReference; fileEncoding = 4; lastKnownFileType = sourcecode.c.h; path = binary_numeric.h; sourceTree = "<group>"; };
		3652DA9322E2DB5381D02E5A /* fnerror.h */ = {isa = PBXFileReference; fileEncoding = 4; lastKnownFileType = sourcecode.c.h; path = fnerror.h; sourceTree = "<group>"; };
		3652DAC0B00E330CD638883E /* unary_pair.cpp */ = {isa = PBXFileReference; fileEncoding = 4; lastKnownFileType = sourcecode.cpp.cpp; path = unary_pair.cpp; sourceTree = "<group>"; };
		3652DAC1295FC1C540C4EFB7 /* bool.cpp */ = {isa = PBXFileReference; fileEncoding = 4; lastKnownFileType = sourcecode.cpp.cpp; path = bool.cpp; sourceTree = "<group>"; };
		3652DAD1206F93A9FEEB5400 /* listable.cpp */ = {isa = PBXFileReference; fileEncoding = 4; lastKnownFileType = sourcecode.cpp.cpp; path = listable.cpp; sourceTree = "<group>"; };
		3652DAF58464413CA3E7B36D /* fnremainder.h */ = {isa = PBXFileReference; fileEncoding = 4; lastKnownFileType = sourcecode.c.h; path = fnremainder.h; sourceTree = "<group>"; };
		3652DBCB0C53F488649922E4 /* fncar.h */ = {isa = PBXFileReference; fileEncoding = 4; lastKnownFileType = sourcecode.c.h; path = fncar.h; sourceTree = "<group>"; };
		3652DBD71DBC8FACD7C6861B /* state.h */ = {isa = PBXFileReference; fileEncoding = 4; lastKnownFileType = sourcecode.c.h; path = state.h; sourceTree = "<group>"; };
		3652DBF5B527AC48F4EE10CF /* fnlist.cpp */ = {isa = PBXFileReference; fileEncoding = 4; lastKnownFileType = sourcecode.cpp.cpp; path = fnlist.cpp; sourceTree = "<group>"; };
		3652DC04F44614DB1A70F466 /* fnexpand.h */ = {isa = PBXFileReference; fileEncoding = 4; lastKnownFileType = sourcecode.c.h; path = fnexpand.h; sourceTree = "<group>"; };
		3652DC18978291200417DAEB /* fnboolq.h */ = {isa = PBXFileReference; fileEncoding = 4; lastKnownFileType = sourcecode.c.h; path = fnboolq.h; sourceTree = "<group>"; };
		3652DC4D66C8800DFDDEC98B /* fnremainder.cpp */ = {isa = PBXFileReference; fileEncoding = 4; lastKnownFileType = sourcecode.cpp.cpp; path = fnremainder.cpp; sourceTree = "<group>"; };
		3652DCC3E3A7F6470231FF1C /* fntimes.h */ = {isa = PBXFileReference; fileEncoding = 4; lastKnownFileType = sourcecode.c.h; path = fntimes.h; sourceTree = "<group>"; };
		3652DCFDD9C76DD192420E1F /* fncond.h */ = {isa = PBXFileReference; fileEncoding = 4; lastKnownFileType = sourcecode.c.h; path = fncond.h; sourceTree = "<group>"; };
		3652DD13C309769A1202800F /* unary.h */ = {isa = PBXFileReference; fileEncoding = 4; lastKnownFileType = sourcecode.c.h; path = unary.h; sourceTree = "<group>"; };
		3652DD16F5C5A639334AAA77 /* creator.cpp */ = {isa = PBXFileReference; fileEncoding = 4; lastKnownFileType = sourcecode.cpp.cpp; path = creator.cpp; sourceTree = "<group>"; };
		3652DD211B1A8CDA75501493 /* fnnumberq.h */ = {isa = PBXFileReference; fileEncoding = 4; lastKnownFileType = sourcecode.c.h; path = fnnumberq.h; sourceTree = "<group>"; };
		3652DD34EBFAC27205E45345 /* function.h */ = {isa = PBXFileReference; fileEncoding = 4; lastKnownFileType = sourcecode.c.h; path = function.h; sourceTree = "<group>"; };
		3652DD43871F3859EE0E3358 /* binary_integer.h */ = {isa = PBXFileReference; fileEncoding = 4; lastKnownFileType = sourcecode.c.h; path = binary_integer.h; sourceTree = "<group>"; };
		3652DD44E2B76BFA2DBE61B4 /* fncdr.cpp */ = {isa = PBXFileReference; fileEncoding = 4; lastKnownFileType = sourcecode.cpp.cpp; path = fncdr.cpp; sourceTree = "<group>"; };
		3652DD7FEC09CE942BE8F9B7 /* fnapply.cpp */ = {isa = PBXFileReference; fileEncoding = 4; lastKnownFileType = sourcecode.cpp.cpp; path = fnapply.cpp; sourceTree = "<group>"; };
		3652DDB4243DCF435931634D /* unary_pair.h */ = {isa = PBXFileReference; fileEncoding = 4; lastKnownFileType = sourcecode.c.h; path = unary_pair.h; sourceTree = "<group>"; };
		3652DDD455DF176AF2F7282C /* ptr.cpp */ = {isa = PBXFileReference; fileEncoding = 4; lastKnownFileType = sourcecode.cpp.cpp; path = ptr.cpp; sourceTree = "<group>"; };
		3652DDE7BDFECD0AE9D1B9A9 /* bigint.h */ = {isa = PBXFileReference; fileEncoding = 4; lastKnownFileType = sourcecode.c.h; path = bigint.h; sourceTree = "<group>"; };
		3652DE3F02AE0F355057D501 /* fndenominator.cpp */ = {isa = PBXFileReference; fileEncoding = 4; lastKnownFileType = sourcecode.cpp.cpp; path = fndenominator.cpp; sourceTree = "<group>"; };
		3652DEB1A604C6D82226D33F /* bool.h */ = {isa = PBXFileReference; fileEncoding = 4; lastKnownFileType = sourcecode.c.h; path = bool.h; sourceTree = "<group>"; };
		3652DEF813B24A5DCBA3004A /* fnless.cpp */ = {isa = PBXFileReference; fileEncoding = 4; lastKnownFileType = sourcecode.cpp.cpp; path = fnless.cpp; sourceTree = "<group>"; };
		3652DF28DBEB6565F86055C1 /* binary_integer.cpp */ = {isa = PBXFileReference; fileEncoding = 4; lastKnownFileType = sourcecode.cpp.cpp; path = binary_integer.cpp; sourceTree = "<group>"; };
		3652DF3221053C252F90CAD1 /* fndivide.cpp */ = {isa = PBXFileReference; fileEncoding = 4; lastKnownFileType = sourcecode.cpp.cpp; path = fndivide.cpp; sourceTree = "<group>"; };
		3652DF416BECDBB94D8BDB44 /* unary_numeric.h */ = {isa = PBXFileReference; fileEncoding = 4; lastKnownFileType = sourcecode.c.h; path = unary_numeric.h; sourceTree = "<group>"; };
		3652DFB4794774B82D7455FE /* root_factory.h */ = {isa = PBXFileReference; fileEncoding = 4; lastKnownFileType = sourcecode.c.h; path = root_factory.h; sourceTree = "<group>"; };
		3652DFC183D6762FD63F3C41 /* error.h */ = {isa = PBXFileReference; fileEncoding = 4; lastKnownFileType = sourcecode.c.h; path = error.h; sourceTree = "<group>"; };
		3652DFCFF265AB291FD41FFA /* fncar.cpp */ = {isa = PBXFileReference; fileEncoding = 4; lastKnownFileType = sourcecode.cpp.cpp; path = fncar.cpp; sourceTree = "<group>"; };
		3652DFE72FF98E0AAC28E87F /* fnplus.h */ = {isa = PBXFileReference; fileEncoding = 4; lastKnownFileType = sourcecode.c.h; path = fnplus.h; sourceTree = "<group>"; };
		3652DFECF5E5428584F19CED /* fnstrprint.h */ = {isa = PBXFileReference; fileEncoding = 4; lastKnownFileType = sourcecode.c.h; path = fnstrprint.h; sourceTree = "<group>"; };
		705895461B1869200035ED69 /* myLisp */ = {isa = PBXFileReference; explicitFileType = "compiled.mach-o.executable"; includeInIndex = 0; path = myLisp; sourceTree = BUILT_PRODUCTS_DIR; };
		705895491B1869200035ED69 /* main.cpp */ = {isa = PBXFileReference; lastKnownFileType = sourcecode.cpp.cpp; path = main.cpp; sourceTree = "<group>"; };
		705895501B18697C0035ED69 /* pair.cpp */ = {isa = PBXFileReference; fileEncoding = 4; lastKnownFileType = sourcecode.cpp.cpp; path = pair.cpp; sourceTree = "<group>"; };
		705895511B18697C0035ED69 /* pair.h */ = {isa = PBXFileReference; fileEncoding = 4; lastKnownFileType = sourcecode.c.h; path = pair.h; sourceTree = "<group>"; };
		705895531B186A3E0035ED69 /* element.cpp */ = {isa = PBXFileReference; fileEncoding = 4; lastKnownFileType = sourcecode.cpp.cpp; path = element.cpp; sourceTree = "<group>"; };
		705895541B186A3E0035ED69 /* element.h */ = {isa = PBXFileReference; fileEncoding = 4; lastKnownFileType = sourcecode.c.h; path = element.h; sourceTree = "<group>"; };
		705895561B186D380035ED69 /* collector.cpp */ = {isa = PBXFileReference; fileEncoding = 4; lastKnownFileType = sourcecode.cpp.cpp; path = collector.cpp; sourceTree = "<group>"; };
		705895571B186D380035ED69 /* collector.h */ = {isa = PBXFileReference; fileEncoding = 4; lastKnownFileType = sourcecode.c.h; path = collector.h; sourceTree = "<group>"; };
		705895601B18BA5D0035ED69 /* string.cpp */ = {isa = PBXFileReference; fileEncoding = 4; lastKnownFileType = sourcecode.cpp.cpp; path = string.cpp; sourceTree = "<group>"; };
		705895611B18BA5D0035ED69 /* string.h */ = {isa = PBXFileReference; fileEncoding = 4; lastKnownFileType = sourcecode.c.h; path = string.h; sourceTree = "<group>"; };
		705895631B18BFCE0035ED69 /* number.cpp */ = {isa = PBXFileReference; fileEncoding = 4; lastKnownFileType = sourcecode.cpp.cpp; path = number.cpp; sourceTree = "<group>"; };
		705895641B18BFCE0035ED69 /* number.h */ = {isa = PBXFileReference; fileEncoding = 4; lastKnownFileType = sourcecode.c.h; path = number.h; sourceTree = "<group>"; };
		705895661B18C27B0035ED69 /* fractional.cpp */ = {isa = PBXFileReference; fileEncoding = 4; lastKnownFileType = sourcecode.cpp.cpp; path = fractional.cpp; sourceTree = "<group>"; };
		705895671B18C27B0035ED69 /* fractional.h */ = {isa = PBXFileReference; fileEncoding = 4; lastKnownFileType = sourcecode.c.h; path = fractional.h; sourceTree = "<group>"; };
		90A2C3B5F0B91C4AEAC4992E /* fnminus.cpp */ = {isa = PBXFileReference; fileEncoding = 4; lastKnownFileType = sourcecode.cpp.cpp; path = fnminus.cpp; sourceTree = "<group>"; };
		90A2C94FA87E6F4F2A6DA489 /* fnminus.h */ = {isa = PBXFileReference; fileEncoding = 4; lastKnownFileType = sourcecode.c.h; path = fnminus.h; sourceTree = "<group>"; };
/* End PBXFileReference section */

/* Begin PBXFrameworksBuildPhase section */
		705895431B1869200035ED69 /* Frameworks */ = {
			isa = PBXFrameworksBuildPhase;
			buildActionMask = 2147483647;
			files = (
			);
			runOnlyForDeploymentPostprocessing = 0;
		};
/* End PBXFrameworksBuildPhase section */

/* Begin PBXGroup section */
		24D30F2F1B64E5AB00B837FC /* tests */ = {
			isa = PBXGroup;
			children = (
				24D30F581B64E5F400B837FC /* simple.lsp */,
				24D30FB31B65399C00B837FC /* t_binary_integer.lsp */,
				24D30F841B651E6300B837FC /* t_binary_numeric.lsp */,
				24D30F301B64E5AB00B837FC /* t_binary.lsp */,
				24D30F311B64E5AB00B837FC /* t_bool.lsp */,
				24D30F851B651E6300B837FC /* t_dictionary.lsp */,
				24D30F321B64E5AB00B837FC /* t_error.lsp */,
				24D30F331B64E5AB00B837FC /* t_expander.lsp */,
				24D30F341B64E5AB00B837FC /* t_fnand.lsp */,
				24D30F351B64E5AB00B837FC /* t_fnapply.lsp */,
				24D30F361B64E5AB00B837FC /* t_fnboolq.lsp */,
				24D30F371B64E5AB00B837FC /* t_fncar.lsp */,
				24D30F381B64E5AB00B837FC /* t_fncdr.lsp */,
				24D30F391B64E5AB00B837FC /* t_fncond.lsp */,
				24D30F3A1B64E5AB00B837FC /* t_fndefine.lsp */,
				24D30F3B1B64E5AB00B837FC /* t_fndenominator.lsp */,
				24D30F3C1B64E5AB00B837FC /* t_fndict.lsp */,
				24D30F861B651E6300B837FC /* t_fndynamic.lsp */,
				24D30F3D1B64E5AB00B837FC /* t_fnequal.lsp */,
				24D30F3E1B64E5AB00B837FC /* t_fnerror.lsp */,
				24D30F3F1B64E5AB00B837FC /* t_fnexpand.lsp */,
				24D30F401B64E5AB00B837FC /* t_fngcd.lsp */,
				24D30F411B64E5AB00B837FC /* t_fnimport.lsp */,
				24D30F421B64E5AB00B837FC /* t_fnlambda.lsp */,
				24D30F431B64E5AB00B837FC /* t_fnlist.lsp */,
				24D30F441B64E5AB00B837FC /* t_fnminus.lsp */,
				24D30F451B64E5AB00B837FC /* t_fnnumerator.lsp */,
				24D30F461B64E5AB00B837FC /* t_fnplus.lsp */,
				24D30F871B651E6300B837FC /* t_fnquote.lsp */,
				24D30F471B64E5AB00B837FC /* t_fnremainder.lsp */,
				24D30F481B64E5AB00B837FC /* t_fnstrprint.lsp */,
				24D30F491B64E5AB00B837FC /* t_fntimes.lsp */,
				24D30F4A1B64E5AB00B837FC /* t_fractional.lsp */,
				24D30F4B1B64E5AB00B837FC /* t_function.lsp */,
				24D30F4C1B64E5AB00B837FC /* t_identifier.lsp */,
				24D30F4E1B64E5AB00B837FC /* t_number.lsp */,
				24D30F501B64E5AB00B837FC /* t_pair.lsp */,
				24D30F511B64E5AB00B837FC /* t_parser.lsp */,
				24D30F521B64E5AB00B837FC /* t_root_factory.lsp */,
				24D30F531B64E5AB00B837FC /* t_string.lsp */,
				24D30F551B64E5AB00B837FC /* t_unary_numeric.lsp */,
				24D30F561B64E5AB00B837FC /* t_unary_pair.lsp */,
				24D30F541B64E5AB00B837FC /* t_unary.lsp */,
				24D30F571B64E5AB00B837FC /* tests.lsp */,
			);
			path = tests;
			sourceTree = "<group>";
		};
		7058953D1B1869200035ED69 = {
			isa = PBXGroup;
			children = (
				705895481B1869200035ED69 /* myLisp */,
				24D30F2F1B64E5AB00B837FC /* tests */,
				705895471B1869200035ED69 /* Products */,
				3652D19CEB36D5334D3D94C9 /* TODO.txt */,
				24D82F5D1B22D81700A8A86C /* update_tests.rb */,
			);
			sourceTree = "<group>";
		};
		705895471B1869200035ED69 /* Products */ = {
			isa = PBXGroup;
			children = (
				705895461B1869200035ED69 /* myLisp */,
			);
			name = Products;
			sourceTree = "<group>";
		};
		705895481B1869200035ED69 /* myLisp */ = {
			isa = PBXGroup;
			children = (
				3652D1535C7A3425E64747DF /* bigint.cpp */,
				3652DDE7BDFECD0AE9D1B9A9 /* bigint.h */,
				3652D9A27259BD989CF41429 /* binary.cpp */,
				3652D90033B08464B60BDB2E /* binary.h */,
				3652DAC1295FC1C540C4EFB7 /* bool.cpp */,
				3652DEB1A604C6D82226D33F /* bool.h */,
				705895561B186D380035ED69 /* collector.cpp */,
				705895571B186D380035ED69 /* collector.h */,
				3652DD16F5C5A639334AAA77 /* creator.cpp */,
				3652D8DC3696E36374FC5014 /* creator.h */,
				3652D5206A84A89E342A5A62 /* decider.cpp */,
				3652D0D431AE25F4AC4ADBF9 /* decider.h */,
				24D82F711B2380AC00A8A86C /* dictionary.cpp */,
				24D82F721B2380AC00A8A86C /* dictionary.h */,
				705895531B186A3E0035ED69 /* element.cpp */,
				705895541B186A3E0035ED69 /* element.h */,
				3652D32F1C8FA01CE5239342 /* error.cpp */,
				3652DFC183D6762FD63F3C41 /* error.h */,
				3652D094B0AEF6A3C1E4C7AE /* expander.cpp */,
				3652D94681B3C9B18ABB07BD /* expander.h */,
				3652D802F307661C315CFE1F /* fnand.cpp */,
				3652D4E05624000EFDC5A67C /* fnand.h */,
				3652DD7FEC09CE942BE8F9B7 /* fnapply.cpp */,
				3652D5699815661F44771A65 /* fnapply.h */,
				3652D2F0AEA5FF2DC68FFEEA /* fnboolq.cpp */,
				3652DC18978291200417DAEB /* fnboolq.h */,
				3652DFCFF265AB291FD41FFA /* fncar.cpp */,
				3652DBCB0C53F488649922E4 /* fncar.h */,
				3652DD44E2B76BFA2DBE61B4 /* fncdr.cpp */,
				3652D05C5147BEDA132AC853 /* fncdr.h */,
				3652D855CE00CBAD0ED7D726 /* fncond.cpp */,
				3652DCFDD9C76DD192420E1F /* fncond.h */,
				3652D6530404676AA201C718 /* fndefine.cpp */,
				3652D263F5D663BFC40DD02D /* fndefine.h */,
				3652DE3F02AE0F355057D501 /* fndenominator.cpp */,
				3652D18B4F35486A015E87AA /* fndenominator.h */,
				3652D355E29E7976330AEC23 /* fndict.cpp */,
				3652D016C4274D0DA9D52316 /* fndict.h */,
				3652D67D5AE590F28673CC65 /* fndictionaryq.cpp */,
				3652D51110BE387B35CA7B4E /* fndictionaryq.h */,
				3652DF3221053C252F90CAD1 /* fndivide.cpp */,
				3652D18C06D1DBE252F93139 /* fndivide.h */,
				3652D5A62AC5A943C3284252 /* fndynamic.cpp */,
				3652D46C15DBE1C7FE1BE5BA /* fndynamic.h */,
				3652D618BD53F8049434D820 /* fnequal.cpp */,
				3652D8544FF74D073C03FADB /* fnequal.h */,
				3652D4621C653ACE05B629EC /* fnerror.cpp */,
				3652DA9322E2DB5381D02E5A /* fnerror.h */,
				3652D906A94A218AA953F686 /* fnerrorq.cpp */,
				3652DA58C18A6E89E129E4D5 /* fnerrorq.h */,
				3652D3E9463DE1941690F22A /* fneval.cpp */,
				3652D114DBB0C93DAB7D2A20 /* fneval.h */,
				3652D1F9FF4641353B9A3E04 /* fnexpand.cpp */,
				3652DC04F44614DB1A70F466 /* fnexpand.h */,
				3652D1BB7A0240D288ECE2F2 /* fnfunctionq.cpp */,
				3652D6501BBE30921E215856 /* fnfunctionq.h */,
				3652D3A5506D170B9F95EBEC /* fngcd.cpp */,
				3652D6C175C4EB9F5F893DF9 /* fngcd.h */,
				3652D6680AB16776E894D970 /* fnidentifierq.cpp */,
				3652D2498BDE3CC27CEE7C31 /* fnidentifierq.h */,
				3652D3F1C4DBF7D85E1DF212 /* fnimport.cpp */,
				3652D26923E9C50B8690BC2B /* fnimport.h */,
				3652D4F8BCDB94A2C085A989 /* fnlambda.cpp */,
				3652D08ABEF53212E245755A /* fnlambda.h */,
				3652DEF813B24A5DCBA3004A /* fnless.cpp */,
				3652D0EFB4F3B5D8B55A86D2 /* fnless.h */,
				3652DBF5B527AC48F4EE10CF /* fnlist.cpp */,
				3652DA5197E2C3A98103E2C4 /* fnlist.h */,
				90A2C3B5F0B91C4AEAC4992E /* fnminus.cpp */,
				90A2C94FA87E6F4F2A6DA489 /* fnminus.h */,
				3652D18F62893428D99CB53D /* fnnumberq.cpp */,
				3652DD211B1A8CDA75501493 /* fnnumberq.h */,
				3652D2723452A637F1D720B1 /* fnnumerator.cpp */,
				3652D6F5B8D2B6D04344C09C /* fnnumerator.h */,
				3652D896F361134E6FA12B67 /* fnpairq.cpp */,
				3652D84A713D7FB134C83ECE /* fnpairq.h */,
				3652D8ED3BD34BD36E22C356 /* fnplus.cpp */,
				3652DFE72FF98E0AAC28E87F /* fnplus.h */,
				3652D426BB33BF06F277B0CC /* fnprint.cpp */,
				3652D7F1CE610A61A891C3EA /* fnprint.h */,
				3652D4507D93EF742DF218FF /* fnquote.cpp */,
				3652D375BF1ABD0090EA679C /* fnquote.h */,
				3652DC4D66C8800DFDDEC98B /* fnremainder.cpp */,
				3652DAF58464413CA3E7B36D /* fnremainder.h */,
				3652D0A296D4F97F6479DE88 /* fnstringq.cpp */,
				3652D37DADE51622CCBFDECD /* fnstringq.h */,
				3652D1FF5CB7E2BC3B3A4A41 /* fnstrprint.cpp */,
				3652DFECF5E5428584F19CED /* fnstrprint.h */,
				3652D5B458124C1FCBFEFFE4 /* fntimes.cpp */,
				3652DCC3E3A7F6470231FF1C /* fntimes.h */,
				705895661B18C27B0035ED69 /* fractional.cpp */,
				705895671B18C27B0035ED69 /* fractional.h */,
				3652D2D8A38CAC410F92CB4A /* function.cpp */,
				3652DD34EBFAC27205E45345 /* function.h */,
				3652D36D323308242DCF6057 /* identifier.cpp */,
				3652D2C91B8992A3B3B40BC8 /* identifier.h */,
				3652DF28DBEB6565F86055C1 /* binary_integer.cpp */,
				3652DD43871F3859EE0E3358 /* binary_integer.h */,
				3652DAD1206F93A9FEEB5400 /* listable.cpp */,
				3652D0835928849F9AC8C778 /* listable.h */,
				3652D1FC48F4803DF0D969E1 /* lookbehind.cpp */,
				3652D87918FEFDC099C0E67F /* lookbehind.h */,
				705895491B1869200035ED69 /* main.cpp */,
				705895631B18BFCE0035ED69 /* number.cpp */,
				705895641B18BFCE0035ED69 /* number.h */,
				3652D6B4B7B08D6041201EDA /* binary_numeric.cpp */,
				3652DA86B3ABA66C2302BA2D /* binary_numeric.h */,
				705895501B18697C0035ED69 /* pair.cpp */,
				705895511B18697C0035ED69 /* pair.h */,
				24D82F681B2360AA00A8A86C /* parser.cpp */,
				24D82F691B2360AA00A8A86C /* parser.h */,
				3652DDD455DF176AF2F7282C /* ptr.cpp */,
				3652D6CF19091A9B45B09C6E /* ptr.h */,
				3652D7B5FBC7604F55B093DB /* rewriter.cpp */,
				3652D580110EAAA0F2926A9B /* rewriter.h */,
				3652D2FDC29674E566B9A885 /* root_factory.cpp */,
				3652DFB4794774B82D7455FE /* root_factory.h */,
				24D30F821B6505B700B837FC /* sicp-tests.lsp */,
				3652D0FAA138CD1D5707DD09 /* state.cpp */,
				3652DBD71DBC8FACD7C6861B /* state.h */,
				705895601B18BA5D0035ED69 /* string.cpp */,
				705895611B18BA5D0035ED69 /* string.h */,
				3652D57C6E43E83D06D786FD /* system.lsp */,
				3652D043BE23F9D1844A2CDC /* turing.lsp */,
				3652D8A63963A22E74626D55 /* unary_numeric.cpp */,
				3652DF416BECDBB94D8BDB44 /* unary_numeric.h */,
				3652DAC0B00E330CD638883E /* unary_pair.cpp */,
				3652DDB4243DCF435931634D /* unary_pair.h */,
				3652D09422057258F70D6E87 /* unary.cpp */,
				3652DD13C309769A1202800F /* unary.h */,
			);
			path = myLisp;
			sourceTree = "<group>";
		};
/* End PBXGroup section */

/* Begin PBXNativeTarget section */
		705895451B1869200035ED69 /* myLisp */ = {
			isa = PBXNativeTarget;
			buildConfigurationList = 7058954D1B1869200035ED69 /* Build configuration list for PBXNativeTarget "myLisp" */;
			buildPhases = (
				24D30F141B5FC2D600B837FC /* ShellScript */,
				705895421B1869200035ED69 /* Sources */,
				705895431B1869200035ED69 /* Frameworks */,
				705895441B1869200035ED69 /* CopyFiles */,
			);
			buildRules = (
			);
			dependencies = (
			);
			name = myLisp;
			productName = myLisp;
			productReference = 705895461B1869200035ED69 /* myLisp */;
			productType = "com.apple.product-type.tool";
		};
/* End PBXNativeTarget section */

/* Begin PBXProject section */
		7058953E1B1869200035ED69 /* Project object */ = {
			isa = PBXProject;
			attributes = {
				LastUpgradeCheck = 0630;
				ORGANIZATIONNAME = "Timm Knape Softwaretechnik (http://www.kna-st.de)";
				TargetAttributes = {
					705895451B1869200035ED69 = {
						CreatedOnToolsVersion = 6.3.2;
					};
				};
			};
			buildConfigurationList = 705895411B1869200035ED69 /* Build configuration list for PBXProject "myLisp" */;
			compatibilityVersion = "Xcode 3.2";
			developmentRegion = English;
			hasScannedForEncodings = 0;
			knownRegions = (
				en,
			);
			mainGroup = 7058953D1B1869200035ED69;
			productRefGroup = 705895471B1869200035ED69 /* Products */;
			projectDirPath = "";
			projectRoot = "";
			targets = (
				705895451B1869200035ED69 /* myLisp */,
			);
		};
/* End PBXProject section */

/* Begin PBXShellScriptBuildPhase section */
		24D30F141B5FC2D600B837FC /* ShellScript */ = {
			isa = PBXShellScriptBuildPhase;
			buildActionMask = 2147483647;
			files = (
			);
			inputPaths = (
			);
			outputPaths = (
			);
			runOnlyForDeploymentPostprocessing = 0;
			shellPath = /bin/sh;
			shellScript = ./update_tests.rb;
			showEnvVarsInLog = 0;
		};
/* End PBXShellScriptBuildPhase section */

/* Begin PBXSourcesBuildPhase section */
		705895421B1869200035ED69 /* Sources */ = {
			isa = PBXSourcesBuildPhase;
			buildActionMask = 2147483647;
			files = (
				24D82F6A1B2360AA00A8A86C /* parser.cpp in Sources */,
				7058954A1B1869200035ED69 /* main.cpp in Sources */,
				705895581B186D380035ED69 /* collector.cpp in Sources */,
				705895651B18BFCE0035ED69 /* number.cpp in Sources */,
				705895551B186A3E0035ED69 /* element.cpp in Sources */,
				705895621B18BA5D0035ED69 /* string.cpp in Sources */,
				705895681B18C27B0035ED69 /* fractional.cpp in Sources */,
				24D82F731B2380AC00A8A86C /* dictionary.cpp in Sources */,
				705895521B18697C0035ED69 /* pair.cpp in Sources */,
				3652D259E50387A55ED2AFB3 /* function.cpp in Sources */,
				3652DA104AD82394BDEC4D2E /* fnplus.cpp in Sources */,
				3652D5314877F5CFD626C94D /* state.cpp in Sources */,
				3652DF9F1C5399E5656FA330 /* ptr.cpp in Sources */,
				3652D4664338D11210720DBA /* creator.cpp in Sources */,
				3652DAD93097B5B2EA6FA6A0 /* root_factory.cpp in Sources */,
				3652D635B99DB33CD9791860 /* fndefine.cpp in Sources */,
				90A2CF24F05180FDA24B6AC4 /* fnminus.cpp in Sources */,
				3652DFCC9C4A983DB1E43A4B /* bool.cpp in Sources */,
				3652D7B65F7113D097623637 /* identifier.cpp in Sources */,
				3652D4BA1A465782B2866FD4 /* fnlist.cpp in Sources */,
				3652DCD945DB8B8CE00E494B /* fnlambda.cpp in Sources */,
				3652D43E2B7D4D1DCCAE8ECF /* fndynamic.cpp in Sources */,
				3652D50FEB7443B181528205 /* fneval.cpp in Sources */,
				3652D593D74446D6308337E1 /* fncar.cpp in Sources */,
				3652D15CDEDDF1182BBBB7C7 /* fncdr.cpp in Sources */,
				3652D2D0B93472BC01F5F85A /* fncond.cpp in Sources */,
				3652D77A1B29117193D775F9 /* fnequal.cpp in Sources */,
				3652D4999E241DFDDC19C225 /* fnquote.cpp in Sources */,
				3652D3F53DA96A9A258E6A56 /* fnimport.cpp in Sources */,
				3652DCBA529217912A8E04CC /* error.cpp in Sources */,
				3652D0DFB4D59D5AA2ADF0DC /* fnerror.cpp in Sources */,
				3652DE0744FB1EF871726CDC /* fntimes.cpp in Sources */,
				3652D51D6CFFEB7764A54182 /* fnprint.cpp in Sources */,
				3652DF49C3C7944498418A6C /* fnboolq.cpp in Sources */,
				3652D718E60D18A8164629BC /* fnstrprint.cpp in Sources */,
				3652DE93788E64A77CFFAE3C /* listable.cpp in Sources */,
				3652DCB2946FE5A6ADE8D7C8 /* decider.cpp in Sources */,
				3652D790B1ED8394337A6E50 /* fnpairq.cpp in Sources */,
				3652DFB4579F0918C6389372 /* fnstringq.cpp in Sources */,
				3652DE6E207272186E611954 /* fnnumberq.cpp in Sources */,
				3652D40462B891982A884DF5 /* fnfunctionq.cpp in Sources */,
				3652D5E8DBBB4A3FCA9E1F58 /* fnerrorq.cpp in Sources */,
				3652D0C373AF2EA1CC56FC7C /* fnidentifierq.cpp in Sources */,
				3652D6C5BAF14AE03D9E10FF /* fndictionaryq.cpp in Sources */,
				3652DB4A8D72BF9F20CA3920 /* lookbehind.cpp in Sources */,
				3652DFA968567FCE2AB1BCE8 /* fnless.cpp in Sources */,
				3652D11E549F29CBAF7CCD74 /* fnand.cpp in Sources */,
				3652DD18B4B84A27B838ED12 /* rewriter.cpp in Sources */,
				3652D8983EFDF92D6B811A97 /* expander.cpp in Sources */,
				3652DF67BEF22B2D2555146F /* fnexpand.cpp in Sources */,
				3652D7CD1E8419C0BDCDBA8E /* fndict.cpp in Sources */,
				3652D117901B5802444EE302 /* fnapply.cpp in Sources */,
				3652DBBBD34B4982F18152B3 /* fndivide.cpp in Sources */,
				3652DB0A45CE757A2C2B0162 /* bigint.cpp in Sources */,
				3652DC7AADA3868B63DEDE40 /* fnnumerator.cpp in Sources */,
				3652D4AB785C3489E95ED475 /* fndenominator.cpp in Sources */,
				3652D9B8D9ADFADB7FC99B12 /* unary.cpp in Sources */,
				3652D799724C40627BAEC11B /* binary.cpp in Sources */,
				3652DDC69689D9E571E061A6 /* binary_numeric.cpp in Sources */,
				3652D51D1DABD09AA26D2BEB /* fnremainder.cpp in Sources */,
				3652DE35478CD286BC56FDA0 /* binary_integer.cpp in Sources */,
				3652DC434D9E60CBD751D7B5 /* fngcd.cpp in Sources */,
				3652D636CEE672BB4DCBC50C /* unary_pair.cpp in Sources */,
				3652DB41081EC355E2408F48 /* unary_numeric.cpp in Sources */,
			);
			runOnlyForDeploymentPostprocessing = 0;
		};
/* End PBXSourcesBuildPhase section */

/* Begin XCBuildConfiguration section */
		7058954B1B1869200035ED69 /* Debug */ = {
			isa = XCBuildConfiguration;
			buildSettings = {
				ALWAYS_SEARCH_USER_PATHS = NO;
				CLANG_CXX_LANGUAGE_STANDARD = "compiler-default";
				CLANG_CXX_LIBRARY = "compiler-default";
				CLANG_ENABLE_MODULES = YES;
				CLANG_ENABLE_OBJC_ARC = YES;
				CLANG_WARN_BOOL_CONVERSION = YES;
				CLANG_WARN_CONSTANT_CONVERSION = YES;
				CLANG_WARN_DIRECT_OBJC_ISA_USAGE = YES_ERROR;
				CLANG_WARN_EMPTY_BODY = YES;
				CLANG_WARN_ENUM_CONVERSION = YES;
				CLANG_WARN_INT_CONVERSION = YES;
				CLANG_WARN_OBJC_ROOT_CLASS = YES_ERROR;
				CLANG_WARN_UNREACHABLE_CODE = YES;
				CLANG_WARN__DUPLICATE_METHOD_MATCH = YES;
				COPY_PHASE_STRIP = NO;
				DEBUG_INFORMATION_FORMAT = dwarf;
				ENABLE_STRICT_OBJC_MSGSEND = YES;
				GCC_C_LANGUAGE_STANDARD = gnu99;
				GCC_DYNAMIC_NO_PIC = NO;
				GCC_NO_COMMON_BLOCKS = YES;
				GCC_OPTIMIZATION_LEVEL = 0;
				GCC_PREPROCESSOR_DEFINITIONS = (
					"DEBUG=1",
					"$(inherited)",
				);
				GCC_SYMBOLS_PRIVATE_EXTERN = NO;
				GCC_WARN_64_TO_32_BIT_CONVERSION = YES;
				GCC_WARN_ABOUT_RETURN_TYPE = YES_ERROR;
				GCC_WARN_UNDECLARED_SELECTOR = YES;
				GCC_WARN_UNINITIALIZED_AUTOS = YES_AGGRESSIVE;
				GCC_WARN_UNUSED_FUNCTION = YES;
				GCC_WARN_UNUSED_VARIABLE = YES;
				MACOSX_DEPLOYMENT_TARGET = 10.10;
				MTL_ENABLE_DEBUG_INFO = YES;
				ONLY_ACTIVE_ARCH = YES;
				SDKROOT = macosx;
			};
			name = Debug;
		};
		7058954C1B1869200035ED69 /* Release */ = {
			isa = XCBuildConfiguration;
			buildSettings = {
				ALWAYS_SEARCH_USER_PATHS = NO;
				CLANG_CXX_LANGUAGE_STANDARD = "compiler-default";
				CLANG_CXX_LIBRARY = "compiler-default";
				CLANG_ENABLE_MODULES = YES;
				CLANG_ENABLE_OBJC_ARC = YES;
				CLANG_WARN_BOOL_CONVERSION = YES;
				CLANG_WARN_CONSTANT_CONVERSION = YES;
				CLANG_WARN_DIRECT_OBJC_ISA_USAGE = YES_ERROR;
				CLANG_WARN_EMPTY_BODY = YES;
				CLANG_WARN_ENUM_CONVERSION = YES;
				CLANG_WARN_INT_CONVERSION = YES;
				CLANG_WARN_OBJC_ROOT_CLASS = YES_ERROR;
				CLANG_WARN_UNREACHABLE_CODE = YES;
				CLANG_WARN__DUPLICATE_METHOD_MATCH = YES;
				COPY_PHASE_STRIP = NO;
				DEBUG_INFORMATION_FORMAT = "dwarf-with-dsym";
				ENABLE_NS_ASSERTIONS = NO;
				ENABLE_STRICT_OBJC_MSGSEND = YES;
				GCC_C_LANGUAGE_STANDARD = gnu99;
				GCC_NO_COMMON_BLOCKS = YES;
				GCC_WARN_64_TO_32_BIT_CONVERSION = YES;
				GCC_WARN_ABOUT_RETURN_TYPE = YES_ERROR;
				GCC_WARN_UNDECLARED_SELECTOR = YES;
				GCC_WARN_UNINITIALIZED_AUTOS = YES_AGGRESSIVE;
				GCC_WARN_UNUSED_FUNCTION = YES;
				GCC_WARN_UNUSED_VARIABLE = YES;
				MACOSX_DEPLOYMENT_TARGET = 10.10;
				MTL_ENABLE_DEBUG_INFO = NO;
				SDKROOT = macosx;
			};
			name = Release;
		};
		7058954E1B1869200035ED69 /* Debug */ = {
			isa = XCBuildConfiguration;
			buildSettings = {
				PRODUCT_NAME = "$(TARGET_NAME)";
			};
			name = Debug;
		};
		7058954F1B1869200035ED69 /* Release */ = {
			isa = XCBuildConfiguration;
			buildSettings = {
				PRODUCT_NAME = "$(TARGET_NAME)";
			};
			name = Release;
		};
/* End XCBuildConfiguration section */

/* Begin XCConfigurationList section */
		705895411B1869200035ED69 /* Build configuration list for PBXProject "myLisp" */ = {
			isa = XCConfigurationList;
			buildConfigurations = (
				7058954B1B1869200035ED69 /* Debug */,
				7058954C1B1869200035ED69 /* Release */,
			);
			defaultConfigurationIsVisible = 0;
			defaultConfigurationName = Release;
		};
		7058954D1B1869200035ED69 /* Build configuration list for PBXNativeTarget "myLisp" */ = {
			isa = XCConfigurationList;
			buildConfigurations = (
				7058954E1B1869200035ED69 /* Debug */,
				7058954F1B1869200035ED69 /* Release */,
			);
			defaultConfigurationIsVisible = 0;
			defaultConfigurationName = Release;
		};
/* End XCConfigurationList section */
	};
	rootObject = 7058953E1B1869200035ED69 /* Project object */;
}
